<?xml version="1.0" encoding="utf-8"?>
<Project ToolsVersion="4.0" xmlns="http://schemas.microsoft.com/developer/msbuild/2003">
  <ItemGroup>
    <ClInclude Include="..\..\SquareBox\Shapes\BoxShape.h" />
    <ClInclude Include="..\..\SquareBox\Shapes\CalculatedLightShape.h" />
    <ClInclude Include="..\..\SquareBox\Shapes\CapsuleShape.h" />
    <ClInclude Include="..\..\SquareBox\Shapes\ChainShape.h" />
    <ClInclude Include="..\..\SquareBox\Shapes\CircleShape.h" />
    <ClInclude Include="..\..\SquareBox\Shapes\EdgeShape.h" />
    <ClInclude Include="..\..\SquareBox\Shapes\PointLightShape.h" />
    <ClInclude Include="..\..\SquareBox\Shapes\PolygonShape.h" />
    <ClInclude Include="..\..\SquareBox\Shapes\Shapes.h" />
    <ClInclude Include="..\..\SquareBox\Shapes\TopCapsuleShape.h" />
    <ClInclude Include="..\..\SquareBox\Shapes\IShape.h" />
  </ItemGroup>
  <ItemGroup>
    <ClCompile Include="..\..\SquareBox\Shapes\BoxShape.cpp" />
    <ClCompile Include="..\..\SquareBox\Shapes\CalculatedLightShape.cpp" />
    <ClCompile Include="..\..\SquareBox\Shapes\CapsuleShape.cpp" />
    <ClCompile Include="..\..\SquareBox\Shapes\ChainShape.cpp" />
    <ClCompile Include="..\..\SquareBox\Shapes\CircleShape.cpp" />
    <ClCompile Include="..\..\SquareBox\Shapes\EdgeShape.cpp" />
    <ClCompile Include="..\..\SquareBox\Shapes\PointLightShape.cpp" />
    <ClCompile Include="..\..\SquareBox\Shapes\PolygonShape.cpp" />
    <ClCompile Include="..\..\SquareBox\Shapes\TopCapsuleShape.cpp" />
    <ClCompile Include="..\..\SquareBox\Shapes\IShape.cpp" />
  </ItemGroup>
</Project>