
Microsoft Visual Studio Solution File, Format Version 12.00
# Visual Studio Version 17
Project("{8BC9CEB8-8B4A-11D0-8D11-00A0C91BC942}") = "SquareBox-SandBox", "SquareBox-SandBox\SquareBox-SandBox.vcxproj", "{BB186E56-272F-6CEC-70A6-F70DDCFB3C74}"
EndProject
Project("{8BC9CEB8-8B4A-11D0-8D11-00A0C91BC942}") = "AI", "AI\AI.vcxproj", "{EF725900-DBFE-870B-44AD-880B3058880B}"
EndProject
Project("{8BC9CEB8-8B4A-11D0-8D11-00A0C91BC942}") = "Animation-System", "Animation-System\Animation-System.vcxproj", "{77F0FD13-63E9-1C66-8C1B-02EB7873FC71}"
EndProject
Project("{8BC9CEB8-8B4A-11D0-8D11-00A0C91BC942}") = "Asset-Manager", "Asset-Manager\Asset-Manager.vcxproj", "{8D26BC73-F9E6-37AA-C221-81272EA17C86}"
EndProject
Project("{8BC9CEB8-8B4A-11D0-8D11-00A0C91BC942}") = "Audio-System", "Audio-System\Audio-System.vcxproj", "{4922EAD7-3585-797C-DE0A-B232CA4C45FF}"
EndProject
Project("{8BC9CEB8-8B4A-11D0-8D11-00A0C91BC942}") = "Box2D", "Box2D\Box2D.vcxproj", "{A434E80C-1049-10BE-D9CA-B31D459E0CEF}"
EndProject
Project("{8BC9CEB8-8B4A-11D0-8D11-00A0C91BC942}") = "Camera", "Camera\Camera.vcxproj", "{CE7141AB-BA13-6C81-A3CE-7FD58F0FF3D1}"
EndProject
Project("{8BC9CEB8-8B4A-11D0-8D11-00A0C91BC942}") = "Efsw", "Efsw\Efsw.vcxproj", "{DAA6847C-C6DD-850D-6FCA-6B105BE0010F}"
EndProject
Project("{8BC9CEB8-8B4A-11D0-8D11-00A0C91BC942}") = "GUI", "GUI\GUI.vcxproj", "{2AEC870B-96F5-877C-1F71-9E7C8B79937C}"
EndProject
Project("{8BC9CEB8-8B4A-11D0-8D11-00A0C91BC942}") = "GWOM", "GWOM\GWOM.vcxproj", "{FF7A857C-EBB1-860D-949E-6C1080B4020F}"
EndProject
Project("{8BC9CEB8-8B4A-11D0-8D11-00A0C91BC942}") = "ImGui", "ImGui\ImGui.vcxproj", "{C0FF640D-2C14-8DBE-F595-301E616989EF}"
EndProject
Project("{8BC9CEB8-8B4A-11D0-8D11-00A0C91BC942}") = "Input-Manager", "Input-Manager\Input-Manager.vcxproj", "{FD9186AA-6952-02E1-328D-4B5E9E0C47BD}"
EndProject
Project("{8BC9CEB8-8B4A-11D0-8D11-00A0C91BC942}") = "Lua", "Lua\Lua.vcxproj", "{A705880B-130F-887C-9C8A-9E7C0893937C}"
EndProject
Project("{8BC9CEB8-8B4A-11D0-8D11-00A0C91BC942}") = "MathLib", "MathLib\MathLib.vcxproj", "{86BBB515-F29A-34B1-FBB2-BF8767119B12}"
EndProject
Project("{8BC9CEB8-8B4A-11D0-8D11-00A0C91BC942}") = "Media-Player", "Media-Player\Media-Player.vcxproj", "{7F08F9D9-6B6B-887E-14F1-C03400335401}"
EndProject
Project("{8BC9CEB8-8B4A-11D0-8D11-00A0C91BC942}") = "Network-Manager", "Network-Manager\Network-Manager.vcxproj", "{F71B735A-63A7-E01E-6CB8-6313D8C23C1F}"
EndProject
Project("{8BC9CEB8-8B4A-11D0-8D11-00A0C91BC942}") = "Physics-Collision-Engine", "Physics-Collision-Engine\Physics-Collision-Engine.vcxproj", "{44C21D30-30E7-6CB0-5932-524045B66BCE}"
EndProject
Project("{8BC9CEB8-8B4A-11D0-8D11-00A0C91BC942}") = "Render-Engine", "Render-Engine\Render-Engine.vcxproj", "{289DC166-945D-3D9D-5D98-861AC9178279}"
EndProject
Project("{8BC9CEB8-8B4A-11D0-8D11-00A0C91BC942}") = "Shapes", "Shapes\Shapes.vcxproj", "{09400CD1-F5E1-36A7-DE9C-4AFBCADDBDF7}"
EndProject
Project("{8BC9CEB8-8B4A-11D0-8D11-00A0C91BC942}") = "SquareBox-Core", "SquareBox-Core\SquareBox-Core.vcxproj", "{75A40C59-6172-005F-4A06-71853673DCC3}"
EndProject
Project("{8BC9CEB8-8B4A-11D0-8D11-00A0C91BC942}") = "SquareBox-Logger", "SquareBox-Logger\SquareBox-Logger.vcxproj", "{2C11C0E3-180A-DF35-413C-C4BA2D94BE41}"
EndProject
Global
	GlobalSection(SolutionConfigurationPlatforms) = preSolution
		Debug|Win32 = Debug|Win32
		Debug|x64 = Debug|x64
		Dist|Win32 = Dist|Win32
		Dist|x64 = Dist|x64
		Release|Win32 = Release|Win32
		Release|x64 = Release|x64
	EndGlobalSection
	GlobalSection(ProjectConfigurationPlatforms) = postSolution
		{BB186E56-272F-6CEC-70A6-F70DDCFB3C74}.Debug|Win32.ActiveCfg = Debug|Win32
		{BB186E56-272F-6CEC-70A6-F70DDCFB3C74}.Debug|Win32.Build.0 = Debug|Win32
		{BB186E56-272F-6CEC-70A6-F70DDCFB3C74}.Debug|x64.ActiveCfg = Debug|x64
		{BB186E56-272F-6CEC-70A6-F70DDCFB3C74}.Debug|x64.Build.0 = Debug|x64
		{BB186E56-272F-6CEC-70A6-F70DDCFB3C74}.Dist|Win32.ActiveCfg = Dist|Win32
		{BB186E56-272F-6CEC-70A6-F70DDCFB3C74}.Dist|Win32.Build.0 = Dist|Win32
		{BB186E56-272F-6CEC-70A6-F70DDCFB3C74}.Dist|x64.ActiveCfg = Dist|x64
		{BB186E56-272F-6CEC-70A6-F70DDCFB3C74}.Dist|x64.Build.0 = Dist|x64
		{BB186E56-272F-6CEC-70A6-F70DDCFB3C74}.Release|Win32.ActiveCfg = Release|Win32
		{BB186E56-272F-6CEC-70A6-F70DDCFB3C74}.Release|Win32.Build.0 = Release|Win32
		{BB186E56-272F-6CEC-70A6-F70DDCFB3C74}.Release|x64.ActiveCfg = Release|x64
		{BB186E56-272F-6CEC-70A6-F70DDCFB3C74}.Release|x64.Build.0 = Release|x64
		{EF725900-DBFE-870B-44AD-880B3058880B}.Debug|Win32.ActiveCfg = Debug|Win32
		{EF725900-DBFE-870B-44AD-880B3058880B}.Debug|Win32.Build.0 = Debug|Win32
		{EF725900-DBFE-870B-44AD-880B3058880B}.Debug|x64.ActiveCfg = Debug|x64
		{EF725900-DBFE-870B-44AD-880B3058880B}.Debug|x64.Build.0 = Debug|x64
		{EF725900-DBFE-870B-44AD-880B3058880B}.Dist|Win32.ActiveCfg = Dist|Win32
		{EF725900-DBFE-870B-44AD-880B3058880B}.Dist|Win32.Build.0 = Dist|Win32
		{EF725900-DBFE-870B-44AD-880B3058880B}.Dist|x64.ActiveCfg = Dist|x64
		{EF725900-DBFE-870B-44AD-880B3058880B}.Dist|x64.Build.0 = Dist|x64
		{EF725900-DBFE-870B-44AD-880B3058880B}.Release|Win32.ActiveCfg = Release|Win32
		{EF725900-DBFE-870B-44AD-880B3058880B}.Release|Win32.Build.0 = Release|Win32
		{EF725900-DBFE-870B-44AD-880B3058880B}.Release|x64.ActiveCfg = Release|x64
		{EF725900-DBFE-870B-44AD-880B3058880B}.Release|x64.Build.0 = Release|x64
		{77F0FD13-63E9-1C66-8C1B-02EB7873FC71}.Debug|Win32.ActiveCfg = Debug|Win32
		{77F0FD13-63E9-1C66-8C1B-02EB7873FC71}.Debug|Win32.Build.0 = Debug|Win32
		{77F0FD13-63E9-1C66-8C1B-02EB7873FC71}.Debug|x64.ActiveCfg = Debug|x64
		{77F0FD13-63E9-1C66-8C1B-02EB7873FC71}.Debug|x64.Build.0 = Debug|x64
		{77F0FD13-63E9-1C66-8C1B-02EB7873FC71}.Dist|Win32.ActiveCfg = Dist|Win32
		{77F0FD13-63E9-1C66-8C1B-02EB7873FC71}.Dist|Win32.Build.0 = Dist|Win32
		{77F0FD13-63E9-1C66-8C1B-02EB7873FC71}.Dist|x64.ActiveCfg = Dist|x64
		{77F0FD13-63E9-1C66-8C1B-02EB7873FC71}.Dist|x64.Build.0 = Dist|x64
		{77F0FD13-63E9-1C66-8C1B-02EB7873FC71}.Release|Win32.ActiveCfg = Release|Win32
		{77F0FD13-63E9-1C66-8C1B-02EB7873FC71}.Release|Win32.Build.0 = Release|Win32
		{77F0FD13-63E9-1C66-8C1B-02EB7873FC71}.Release|x64.ActiveCfg = Release|x64
		{77F0FD13-63E9-1C66-8C1B-02EB7873FC71}.Release|x64.Build.0 = Release|x64
		{8D26BC73-F9E6-37AA-C221-81272EA17C86}.Debug|Win32.ActiveCfg = Debug|Win32
		{8D26BC73-F9E6-37AA-C221-81272EA17C86}.Debug|Win32.Build.0 = Debug|Win32
		{8D26BC73-F9E6-37AA-C221-81272EA17C86}.Debug|x64.ActiveCfg = Debug|x64
		{8D26BC73-F9E6-37AA-C221-81272EA17C86}.Debug|x64.Build.0 = Debug|x64
		{8D26BC73-F9E6-37AA-C221-81272EA17C86}.Dist|Win32.ActiveCfg = Dist|Win32
		{8D26BC73-F9E6-37AA-C221-81272EA17C86}.Dist|Win32.Build.0 = Dist|Win32
		{8D26BC73-F9E6-37AA-C221-81272EA17C86}.Dist|x64.ActiveCfg = Dist|x64
		{8D26BC73-F9E6-37AA-C221-81272EA17C86}.Dist|x64.Build.0 = Dist|x64
		{8D26BC73-F9E6-37AA-C221-81272EA17C86}.Release|Win32.ActiveCfg = Release|Win32
		{8D26BC73-F9E6-37AA-C221-81272EA17C86}.Release|Win32.Build.0 = Release|Win32
		{8D26BC73-F9E6-37AA-C221-81272EA17C86}.Release|x64.ActiveCfg = Release|x64
		{8D26BC73-F9E6-37AA-C221-81272EA17C86}.Release|x64.Build.0 = Release|x64
		{4922EAD7-3585-797C-DE0A-B232CA4C45FF}.Debug|Win32.ActiveCfg = Debug|Win32
		{4922EAD7-3585-797C-DE0A-B232CA4C45FF}.Debug|Win32.Build.0 = Debug|Win32
		{4922EAD7-3585-797C-DE0A-B232CA4C45FF}.Debug|x64.ActiveCfg = Debug|x64
		{4922EAD7-3585-797C-DE0A-B232CA4C45FF}.Debug|x64.Build.0 = Debug|x64
		{4922EAD7-3585-797C-DE0A-B232CA4C45FF}.Dist|Win32.ActiveCfg = Dist|Win32
		{4922EAD7-3585-797C-DE0A-B232CA4C45FF}.Dist|Win32.Build.0 = Dist|Win32
		{4922EAD7-3585-797C-DE0A-B232CA4C45FF}.Dist|x64.ActiveCfg = Dist|x64
		{4922EAD7-3585-797C-DE0A-B232CA4C45FF}.Dist|x64.Build.0 = Dist|x64
		{4922EAD7-3585-797C-DE0A-B232CA4C45FF}.Release|Win32.ActiveCfg = Release|Win32
		{4922EAD7-3585-797C-DE0A-B232CA4C45FF}.Release|Win32.Build.0 = Release|Win32
		{4922EAD7-3585-797C-DE0A-B232CA4C45FF}.Release|x64.ActiveCfg = Release|x64
		{4922EAD7-3585-797C-DE0A-B232CA4C45FF}.Release|x64.Build.0 = Release|x64
		{A434E80C-1049-10BE-D9CA-B31D459E0CEF}.Debug|Win32.ActiveCfg = Debug|Win32
		{A434E80C-1049-10BE-D9CA-B31D459E0CEF}.Debug|Win32.Build.0 = Debug|Win32
		{A434E80C-1049-10BE-D9CA-B31D459E0CEF}.Debug|x64.ActiveCfg = Debug|x64
		{A434E80C-1049-10BE-D9CA-B31D459E0CEF}.Debug|x64.Build.0 = Debug|x64
		{A434E80C-1049-10BE-D9CA-B31D459E0CEF}.Dist|Win32.ActiveCfg = Dist|Win32
		{A434E80C-1049-10BE-D9CA-B31D459E0CEF}.Dist|Win32.Build.0 = Dist|Win32
		{A434E80C-1049-10BE-D9CA-B31D459E0CEF}.Dist|x64.ActiveCfg = Dist|x64
		{A434E80C-1049-10BE-D9CA-B31D459E0CEF}.Dist|x64.Build.0 = Dist|x64
		{A434E80C-1049-10BE-D9CA-B31D459E0CEF}.Release|Win32.ActiveCfg = Release|Win32
		{A434E80C-1049-10BE-D9CA-B31D459E0CEF}.Release|Win32.Build.0 = Release|Win32
		{A434E80C-1049-10BE-D9CA-B31D459E0CEF}.Release|x64.ActiveCfg = Release|x64
		{A434E80C-1049-10BE-D9CA-B31D459E0CEF}.Release|x64.Build.0 = Release|x64
		{CE7141AB-BA13-6C81-A3CE-7FD58F0FF3D1}.Debug|Win32.ActiveCfg = Debug|Win32
		{CE7141AB-BA13-6C81-A3CE-7FD58F0FF3D1}.Debug|Win32.Build.0 = Debug|Win32
		{CE7141AB-BA13-6C81-A3CE-7FD58F0FF3D1}.Debug|x64.ActiveCfg = Debug|x64
		{CE7141AB-BA13-6C81-A3CE-7FD58F0FF3D1}.Debug|x64.Build.0 = Debug|x64
		{CE7141AB-BA13-6C81-A3CE-7FD58F0FF3D1}.Dist|Win32.ActiveCfg = Dist|Win32
		{CE7141AB-BA13-6C81-A3CE-7FD58F0FF3D1}.Dist|Win32.Build.0 = Dist|Win32
		{CE7141AB-BA13-6C81-A3CE-7FD58F0FF3D1}.Dist|x64.ActiveCfg = Dist|x64
		{CE7141AB-BA13-6C81-A3CE-7FD58F0FF3D1}.Dist|x64.Build.0 = Dist|x64
		{CE7141AB-BA13-6C81-A3CE-7FD58F0FF3D1}.Release|Win32.ActiveCfg = Release|Win32
		{CE7141AB-BA13-6C81-A3CE-7FD58F0FF3D1}.Release|Win32.Build.0 = Release|Win32
		{CE7141AB-BA13-6C81-A3CE-7FD58F0FF3D1}.Release|x64.ActiveCfg = Release|x64
		{CE7141AB-BA13-6C81-A3CE-7FD58F0FF3D1}.Release|x64.Build.0 = Release|x64
		{DAA6847C-C6DD-850D-6FCA-6B105BE0010F}.Debug|Win32.ActiveCfg = Debug|Win32
		{DAA6847C-C6DD-850D-6FCA-6B105BE0010F}.Debug|Win32.Build.0 = Debug|Win32
		{DAA6847C-C6DD-850D-6FCA-6B105BE0010F}.Debug|x64.ActiveCfg = Debug|x64
		{DAA6847C-C6DD-850D-6FCA-6B105BE0010F}.Debug|x64.Build.0 = Debug|x64
		{DAA6847C-C6DD-850D-6FCA-6B105BE0010F}.Dist|Win32.ActiveCfg = Dist|Win32
		{DAA6847C-C6DD-850D-6FCA-6B105BE0010F}.Dist|Win32.Build.0 = Dist|Win32
		{DAA6847C-C6DD-850D-6FCA-6B105BE0010F}.Dist|x64.ActiveCfg = Dist|x64
		{DAA6847C-C6DD-850D-6FCA-6B105BE0010F}.Dist|x64.Build.0 = Dist|x64
		{DAA6847C-C6DD-850D-6FCA-6B105BE0010F}.Release|Win32.ActiveCfg = Release|Win32
		{DAA6847C-C6DD-850D-6FCA-6B105BE0010F}.Release|Win32.Build.0 = Release|Win32
		{DAA6847C-C6DD-850D-6FCA-6B105BE0010F}.Release|x64.ActiveCfg = Release|x64
		{DAA6847C-C6DD-850D-6FCA-6B105BE0010F}.Release|x64.Build.0 = Release|x64
		{2AEC870B-96F5-877C-1F71-9E7C8B79937C}.Debug|Win32.ActiveCfg = Debug|Win32
		{2AEC870B-96F5-877C-1F71-9E7C8B79937C}.Debug|Win32.Build.0 = Debug|Win32
		{2AEC870B-96F5-877C-1F71-9E7C8B79937C}.Debug|x64.ActiveCfg = Debug|x64
		{2AEC870B-96F5-877C-1F71-9E7C8B79937C}.Debug|x64.Build.0 = Debug|x64
		{2AEC870B-96F5-877C-1F71-9E7C8B79937C}.Dist|Win32.ActiveCfg = Dist|Win32
		{2AEC870B-96F5-877C-1F71-9E7C8B79937C}.Dist|Win32.Build.0 = Dist|Win32
		{2AEC870B-96F5-877C-1F71-9E7C8B79937C}.Dist|x64.ActiveCfg = Dist|x64
		{2AEC870B-96F5-877C-1F71-9E7C8B79937C}.Dist|x64.Build.0 = Dist|x64
		{2AEC870B-96F5-877C-1F71-9E7C8B79937C}.Release|Win32.ActiveCfg = Release|Win32
		{2AEC870B-96F5-877C-1F71-9E7C8B79937C}.Release|Win32.Build.0 = Release|Win32
		{2AEC870B-96F5-877C-1F71-9E7C8B79937C}.Release|x64.ActiveCfg = Release|x64
		{2AEC870B-96F5-877C-1F71-9E7C8B79937C}.Release|x64.Build.0 = Release|x64
		{FF7A857C-EBB1-860D-949E-6C1080B4020F}.Debug|Win32.ActiveCfg = Debug|Win32
		{FF7A857C-EBB1-860D-949E-6C1080B4020F}.Debug|Win32.Build.0 = Debug|Win32
		{FF7A857C-EBB1-860D-949E-6C1080B4020F}.Debug|x64.ActiveCfg = Debug|x64
		{FF7A857C-EBB1-860D-949E-6C1080B4020F}.Debug|x64.Build.0 = Debug|x64
		{FF7A857C-EBB1-860D-949E-6C1080B4020F}.Dist|Win32.ActiveCfg = Dist|Win32
		{FF7A857C-EBB1-860D-949E-6C1080B4020F}.Dist|Win32.Build.0 = Dist|Win32
		{FF7A857C-EBB1-860D-949E-6C1080B4020F}.Dist|x64.ActiveCfg = Dist|x64
		{FF7A857C-EBB1-860D-949E-6C1080B4020F}.Dist|x64.Build.0 = Dist|x64
		{FF7A857C-EBB1-860D-949E-6C1080B4020F}.Release|Win32.ActiveCfg = Release|Win32
		{FF7A857C-EBB1-860D-949E-6C1080B4020F}.Release|Win32.Build.0 = Release|Win32
		{FF7A857C-EBB1-860D-949E-6C1080B4020F}.Release|x64.ActiveCfg = Release|x64
		{FF7A857C-EBB1-860D-949E-6C1080B4020F}.Release|x64.Build.0 = Release|x64
		{C0FF640D-2C14-8DBE-F595-301E616989EF}.Debug|Win32.ActiveCfg = Debug|Win32
		{C0FF640D-2C14-8DBE-F595-301E616989EF}.Debug|Win32.Build.0 = Debug|Win32
		{C0FF640D-2C14-8DBE-F595-301E616989EF}.Debug|x64.ActiveCfg = Debug|x64
		{C0FF640D-2C14-8DBE-F595-301E616989EF}.Debug|x64.Build.0 = Debug|x64
		{C0FF640D-2C14-8DBE-F595-301E616989EF}.Dist|Win32.ActiveCfg = Dist|Win32
		{C0FF640D-2C14-8DBE-F595-301E616989EF}.Dist|Win32.Build.0 = Dist|Win32
		{C0FF640D-2C14-8DBE-F595-301E616989EF}.Dist|x64.ActiveCfg = Dist|x64
		{C0FF640D-2C14-8DBE-F595-301E616989EF}.Dist|x64.Build.0 = Dist|x64
		{C0FF640D-2C14-8DBE-F595-301E616989EF}.Release|Win32.ActiveCfg = Release|Win32
		{C0FF640D-2C14-8DBE-F595-301E616989EF}.Release|Win32.Build.0 = Release|Win32
		{C0FF640D-2C14-8DBE-F595-301E616989EF}.Release|x64.ActiveCfg = Release|x64
		{C0FF640D-2C14-8DBE-F595-301E616989EF}.Release|x64.Build.0 = Release|x64
		{FD9186AA-6952-02E1-328D-4B5E9E0C47BD}.Debug|Win32.ActiveCfg = Debug|Win32
		{FD9186AA-6952-02E1-328D-4B5E9E0C47BD}.Debug|Win32.Build.0 = Debug|Win32
		{FD9186AA-6952-02E1-328D-4B5E9E0C47BD}.Debug|x64.ActiveCfg = Debug|x64
		{FD9186AA-6952-02E1-328D-4B5E9E0C47BD}.Debug|x64.Build.0 = Debug|x64
		{FD9186AA-6952-02E1-328D-4B5E9E0C47BD}.Dist|Win32.ActiveCfg = Dist|Win32
		{FD9186AA-6952-02E1-328D-4B5E9E0C47BD}.Dist|Win32.Build.0 = Dist|Win32
		{FD9186AA-6952-02E1-328D-4B5E9E0C47BD}.Dist|x64.ActiveCfg = Dist|x64
		{FD9186AA-6952-02E1-328D-4B5E9E0C47BD}.Dist|x64.Build.0 = Dist|x64
		{FD9186AA-6952-02E1-328D-4B5E9E0C47BD}.Release|Win32.ActiveCfg = Release|Win32
		{FD9186AA-6952-02E1-328D-4B5E9E0C47BD}.Release|Win32.Build.0 = Release|Win32
		{FD9186AA-6952-02E1-328D-4B5E9E0C47BD}.Release|x64.ActiveCfg = Release|x64
		{FD9186AA-6952-02E1-328D-4B5E9E0C47BD}.Release|x64.Build.0 = Release|x64
		{A705880B-130F-887C-9C8A-9E7C0893937C}.Debug|Win32.ActiveCfg = Debug|Win32
		{A705880B-130F-887C-9C8A-9E7C0893937C}.Debug|Win32.Build.0 = Debug|Win32
		{A705880B-130F-887C-9C8A-9E7C0893937C}.Debug|x64.ActiveCfg = Debug|x64
		{A705880B-130F-887C-9C8A-9E7C0893937C}.Debug|x64.Build.0 = Debug|x64
		{A705880B-130F-887C-9C8A-9E7C0893937C}.Dist|Win32.ActiveCfg = Dist|Win32
		{A705880B-130F-887C-9C8A-9E7C0893937C}.Dist|Win32.Build.0 = Dist|Win32
		{A705880B-130F-887C-9C8A-9E7C0893937C}.Dist|x64.ActiveCfg = Dist|x64
		{A705880B-130F-887C-9C8A-9E7C0893937C}.Dist|x64.Build.0 = Dist|x64
		{A705880B-130F-887C-9C8A-9E7C0893937C}.Release|Win32.ActiveCfg = Release|Win32
		{A705880B-130F-887C-9C8A-9E7C0893937C}.Release|Win32.Build.0 = Release|Win32
		{A705880B-130F-887C-9C8A-9E7C0893937C}.Release|x64.ActiveCfg = Release|x64
		{A705880B-130F-887C-9C8A-9E7C0893937C}.Release|x64.Build.0 = Release|x64
		{86BBB515-F29A-34B1-FBB2-BF8767119B12}.Debug|Win32.ActiveCfg = Debug|Win32
		{86BBB515-F29A-34B1-FBB2-BF8767119B12}.Debug|Win32.Build.0 = Debug|Win32
		{86BBB515-F29A-34B1-FBB2-BF8767119B12}.Debug|x64.ActiveCfg = Debug|x64
		{86BBB515-F29A-34B1-FBB2-BF8767119B12}.Debug|x64.Build.0 = Debug|x64
		{86BBB515-F29A-34B1-FBB2-BF8767119B12}.Dist|Win32.ActiveCfg = Dist|Win32
		{86BBB515-F29A-34B1-FBB2-BF8767119B12}.Dist|Win32.Build.0 = Dist|Win32
		{86BBB515-F29A-34B1-FBB2-BF8767119B12}.Dist|x64.ActiveCfg = Dist|x64
		{86BBB515-F29A-34B1-FBB2-BF8767119B12}.Dist|x64.Build.0 = Dist|x64
		{86BBB515-F29A-34B1-FBB2-BF8767119B12}.Release|Win32.ActiveCfg = Release|Win32
		{86BBB515-F29A-34B1-FBB2-BF8767119B12}.Release|Win32.Build.0 = Release|Win32
		{86BBB515-F29A-34B1-FBB2-BF8767119B12}.Release|x64.ActiveCfg = Release|x64
		{86BBB515-F29A-34B1-FBB2-BF8767119B12}.Release|x64.Build.0 = Release|x64
		{7F08F9D9-6B6B-887E-14F1-C03400335401}.Debug|Win32.ActiveCfg = Debug|Win32
		{7F08F9D9-6B6B-887E-14F1-C03400335401}.Debug|Win32.Build.0 = Debug|Win32
		{7F08F9D9-6B6B-887E-14F1-C03400335401}.Debug|x64.ActiveCfg = Debug|x64
		{7F08F9D9-6B6B-887E-14F1-C03400335401}.Debug|x64.Build.0 = Debug|x64
		{7F08F9D9-6B6B-887E-14F1-C03400335401}.Dist|Win32.ActiveCfg = Dist|Win32
		{7F08F9D9-6B6B-887E-14F1-C03400335401}.Dist|Win32.Build.0 = Dist|Win32
		{7F08F9D9-6B6B-887E-14F1-C03400335401}.Dist|x64.ActiveCfg = Dist|x64
		{7F08F9D9-6B6B-887E-14F1-C03400335401}.Dist|x64.Build.0 = Dist|x64
		{7F08F9D9-6B6B-887E-14F1-C03400335401}.Release|Win32.ActiveCfg = Release|Win32
		{7F08F9D9-6B6B-887E-14F1-C03400335401}.Release|Win32.Build.0 = Release|Win32
		{7F08F9D9-6B6B-887E-14F1-C03400335401}.Release|x64.ActiveCfg = Release|x64
		{7F08F9D9-6B6B-887E-14F1-C03400335401}.Release|x64.Build.0 = Release|x64
		{F71B735A-63A7-E01E-6CB8-6313D8C23C1F}.Debug|Win32.ActiveCfg = Debug|Win32
		{F71B735A-63A7-E01E-6CB8-6313D8C23C1F}.Debug|Win32.Build.0 = Debug|Win32
		{F71B735A-63A7-E01E-6CB8-6313D8C23C1F}.Debug|x64.ActiveCfg = Debug|x64
		{F71B735A-63A7-E01E-6CB8-6313D8C23C1F}.Debug|x64.Build.0 = Debug|x64
		{F71B735A-63A7-E01E-6CB8-6313D8C23C1F}.Dist|Win32.ActiveCfg = Dist|Win32
		{F71B735A-63A7-E01E-6CB8-6313D8C23C1F}.Dist|Win32.Build.0 = Dist|Win32
		{F71B735A-63A7-E01E-6CB8-6313D8C23C1F}.Dist|x64.ActiveCfg = Dist|x64
		{F71B735A-63A7-E01E-6CB8-6313D8C23C1F}.Dist|x64.Build.0 = Dist|x64
		{F71B735A-63A7-E01E-6CB8-6313D8C23C1F}.Release|Win32.ActiveCfg = Release|Win32
		{F71B735A-63A7-E01E-6CB8-6313D8C23C1F}.Release|Win32.Build.0 = Release|Win32
		{F71B735A-63A7-E01E-6CB8-6313D8C23C1F}.Release|x64.ActiveCfg = Release|x64
		{F71B735A-63A7-E01E-6CB8-6313D8C23C1F}.Release|x64.Build.0 = Release|x64
		{44C21D30-30E7-6CB0-5932-524045B66BCE}.Debug|Win32.ActiveCfg = Debug|Win32
		{44C21D30-30E7-6CB0-5932-524045B66BCE}.Debug|Win32.Build.0 = Debug|Win32
		{44C21D30-30E7-6CB0-5932-524045B66BCE}.Debug|x64.ActiveCfg = Debug|x64
		{44C21D30-30E7-6CB0-5932-524045B66BCE}.Debug|x64.Build.0 = Debug|x64
		{44C21D30-30E7-6CB0-5932-524045B66BCE}.Dist|Win32.ActiveCfg = Dist|Win32
		{44C21D30-30E7-6CB0-5932-524045B66BCE}.Dist|Win32.Build.0 = Dist|Win32
		{44C21D30-30E7-6CB0-5932-524045B66BCE}.Dist|x64.ActiveCfg = Dist|x64
		{44C21D30-30E7-6CB0-5932-524045B66BCE}.Dist|x64.Build.0 = Dist|x64
		{44C21D30-30E7-6CB0-5932-524045B66BCE}.Release|Win32.ActiveCfg = Release|Win32
		{44C21D30-30E7-6CB0-5932-524045B66BCE}.Release|Win32.Build.0 = Release|Win32
		{44C21D30-30E7-6CB0-5932-524045B66BCE}.Release|x64.ActiveCfg = Release|x64
		{44C21D30-30E7-6CB0-5932-524045B66BCE}.Release|x64.Build.0 = Release|x64
		{289DC166-945D-3D9D-5D98-861AC9178279}.Debug|Win32.ActiveCfg = Debug|Win32
		{289DC166-945D-3D9D-5D98-861AC9178279}.Debug|Win32.Build.0 = Debug|Win32
		{289DC166-945D-3D9D-5D98-861AC9178279}.Debug|x64.ActiveCfg = Debug|x64
		{289DC166-945D-3D9D-5D98-861AC9178279}.Debug|x64.Build.0 = Debug|x64
		{289DC166-945D-3D9D-5D98-861AC9178279}.Dist|Win32.ActiveCfg = Dist|Win32
		{289DC166-945D-3D9D-5D98-861AC9178279}.Dist|Win32.Build.0 = Dist|Win32
		{289DC166-945D-3D9D-5D98-861AC9178279}.Dist|x64.ActiveCfg = Dist|x64
		{289DC166-945D-3D9D-5D98-861AC9178279}.Dist|x64.Build.0 = Dist|x64
		{289DC166-945D-3D9D-5D98-861AC9178279}.Release|Win32.ActiveCfg = Release|Win32
		{289DC166-945D-3D9D-5D98-861AC9178279}.Release|Win32.Build.0 = Release|Win32
		{289DC166-945D-3D9D-5D98-861AC9178279}.Release|x64.ActiveCfg = Release|x64
		{289DC166-945D-3D9D-5D98-861AC9178279}.Release|x64.Build.0 = Release|x64
		{09400CD1-F5E1-36A7-DE9C-4AFBCADDBDF7}.Debug|Win32.ActiveCfg = Debug|Win32
		{09400CD1-F5E1-36A7-DE9C-4AFBCADDBDF7}.Debug|Win32.Build.0 = Debug|Win32
		{09400CD1-F5E1-36A7-DE9C-4AFBCADDBDF7}.Debug|x64.ActiveCfg = Debug|x64
		{09400CD1-F5E1-36A7-DE9C-4AFBCADDBDF7}.Debug|x64.Build.0 = Debug|x64
		{09400CD1-F5E1-36A7-DE9C-4AFBCADDBDF7}.Dist|Win32.ActiveCfg = Dist|Win32
		{09400CD1-F5E1-36A7-DE9C-4AFBCADDBDF7}.Dist|Win32.Build.0 = Dist|Win32
		{09400CD1-F5E1-36A7-DE9C-4AFBCADDBDF7}.Dist|x64.ActiveCfg = Dist|x64
		{09400CD1-F5E1-36A7-DE9C-4AFBCADDBDF7}.Dist|x64.Build.0 = Dist|x64
		{09400CD1-F5E1-36A7-DE9C-4AFBCADDBDF7}.Release|Win32.ActiveCfg = Release|Win32
		{09400CD1-F5E1-36A7-DE9C-4AFBCADDBDF7}.Release|Win32.Build.0 = Release|Win32
		{09400CD1-F5E1-36A7-DE9C-4AFBCADDBDF7}.Release|x64.ActiveCfg = Release|x64
		{09400CD1-F5E1-36A7-DE9C-4AFBCADDBDF7}.Release|x64.Build.0 = Release|x64
		{75A40C59-6172-005F-4A06-71853673DCC3}.Debug|Win32.ActiveCfg = Debug|Win32
		{75A40C59-6172-005F-4A06-71853673DCC3}.Debug|Win32.Build.0 = Debug|Win32
		{75A40C59-6172-005F-4A06-71853673DCC3}.Debug|x64.ActiveCfg = Debug|x64
		{75A40C59-6172-005F-4A06-71853673DCC3}.Debug|x64.Build.0 = Debug|x64
		{75A40C59-6172-005F-4A06-71853673DCC3}.Dist|Win32.ActiveCfg = Dist|Win32
		{75A40C59-6172-005F-4A06-71853673DCC3}.Dist|Win32.Build.0 = Dist|Win32
		{75A40C59-6172-005F-4A06-71853673DCC3}.Dist|x64.ActiveCfg = Dist|x64
		{75A40C59-6172-005F-4A06-71853673DCC3}.Dist|x64.Build.0 = Dist|x64
		{75A40C59-6172-005F-4A06-71853673DCC3}.Release|Win32.ActiveCfg = Release|Win32
		{75A40C59-6172-005F-4A06-71853673DCC3}.Release|Win32.Build.0 = Release|Win32
		{75A40C59-6172-005F-4A06-71853673DCC3}.Release|x64.ActiveCfg = Release|x64
		{75A40C59-6172-005F-4A06-71853673DCC3}.Release|x64.Build.0 = Release|x64
		{2C11C0E3-180A-DF35-413C-C4BA2D94BE41}.Debug|Win32.ActiveCfg = Debug|Win32
		{2C11C0E3-180A-DF35-413C-C4BA2D94BE41}.Debug|Win32.Build.0 = Debug|Win32
		{2C11C0E3-180A-DF35-413C-C4BA2D94BE41}.Debug|x64.ActiveCfg = Debug|x64
		{2C11C0E3-180A-DF35-413C-C4BA2D94BE41}.Debug|x64.Build.0 = Debug|x64
		{2C11C0E3-180A-DF35-413C-C4BA2D94BE41}.Dist|Win32.ActiveCfg = Dist|Win32
		{2C11C0E3-180A-DF35-413C-C4BA2D94BE41}.Dist|Win32.Build.0 = Dist|Win32
		{2C11C0E3-180A-DF35-413C-C4BA2D94BE41}.Dist|x64.ActiveCfg = Dist|x64
		{2C11C0E3-180A-DF35-413C-C4BA2D94BE41}.Dist|x64.Build.0 = Dist|x64
		{2C11C0E3-180A-DF35-413C-C4BA2D94BE41}.Release|Win32.ActiveCfg = Release|Win32
		{2C11C0E3-180A-DF35-413C-C4BA2D94BE41}.Release|Win32.Build.0 = Release|Win32
		{2C11C0E3-180A-DF35-413C-C4BA2D94BE41}.Release|x64.ActiveCfg = Release|x64
		{2C11C0E3-180A-DF35-413C-C4BA2D94BE41}.Release|x64.Build.0 = Release|x64
	EndGlobalSection
	GlobalSection(SolutionProperties) = preSolution
		HideSolutionNode = FALSE
	EndGlobalSection
EndGlobal
