<?xml version="1.0" encoding="utf-8"?>
<Project ToolsVersion="4.0" xmlns="http://schemas.microsoft.com/developer/msbuild/2003">
  <ItemGroup>
    <ClCompile Include="..\..\SquareBox\GWOM\TileSystem.cpp" />
    <ClCompile Include="..\..\SquareBox\GWOM\LevelReaderWriter.cpp" />
    <ClCompile Include="..\..\SquareBox\GWOM\Grid.cpp" />
  </ItemGroup>
  <ItemGroup>
    <ClInclude Include="..\..\SquareBox\GWOM\WorldCluster.h" />
    <ClInclude Include="..\..\SquareBox\GWOM\TileSystem.h" />
    <ClInclude Include="..\..\SquareBox\GWOM\LevelReaderWriter.h" />
    <ClInclude Include="..\..\SquareBox\GWOM\Layer.h" />
    <ClInclude Include="..\..\SquareBox\GWOM\Joint.h" />
    <ClInclude Include="..\..\SquareBox\GWOM\GWOM.h" />
    <ClInclude Include="..\..\SquareBox\GWOM\Grid.h" />
    <ClInclude Include="..\..\SquareBox\GWOM\Entities.h" />
    <ClInclude Include="..\..\SquareBox\GWOM\DSUGWOM_generated.h" />
    <ClInclude Include="..\..\SquareBox\GWOM\ClusterObject.h" />
  </ItemGroup>
</Project>