
Microsoft Visual Studio Solution File, Format Version 12.00
# Visual Studio 15
VisualStudioVersion = 15.0.28307.1259
MinimumVisualStudioVersion = 10.0.40219.1
Project("{8BC9CEB8-8B4A-11D0-8D11-00A0C91BC942}") = "SDL2", "SDL2\SDL2.vcxproj", "{B7BE417C-B6C5-4A69-A056-E0CB0C6A344C}"
EndProject
Project("{8BC9CEB8-8B4A-11D0-8D11-00A0C91BC942}") = "SDL2_ttf", "SDL2_ttf\SDL2_ttf.vcxproj", "{8572235C-B335-40DD-BA5F-9954BEDC4BFC}"
EndProject
Project("{8BC9CEB8-8B4A-11D0-8D11-00A0C91BC942}") = "hidapi", "SDL2\src\hidapi\android\hidapi.vcxproj", "{654D6F15-267A-423D-8606-351C153C4E3D}"
EndProject
Project("{8BC9CEB8-8B4A-11D0-8D11-00A0C91BC942}") = "SDL2_mixer", "SDL2_mixer\SDL2_mixer.vcxproj", "{17D4A1C1-4148-4F5C-8B92-B1E1B8F6C98C}"
EndProject
Project("{8BC9CEB8-8B4A-11D0-8D11-00A0C91BC942}") = "Audio-System", "Audio-System\Audio-System.vcxproj", "{C754F933-F8EC-49F9-B5D2-62EC1C4C41BB}"
EndProject
Project("{8BC9CEB8-8B4A-11D0-8D11-00A0C91BC942}") = "SDL2_image", "SDL2_image\SDL2_image.vcxproj", "{03A9401D-CEFF-4F5E-A7B4-FC2A0D9F6C95}"
EndProject
Project("{8BC9CEB8-8B4A-11D0-8D11-00A0C91BC942}") = "SquareBox-Logger", "SquareBox-Logger\SquareBox-Logger.vcxproj", "{9FA4B4A8-B6AA-434B-B6BF-133A54ED5F17}"
EndProject
Project("{8BC9CEB8-8B4A-11D0-8D11-00A0C91BC942}") = "Render-Engine", "Render-Engine\Render-Engine.vcxproj", "{9D8602B0-E87E-4F15-A522-D3A5EB880ED1}"
EndProject
Project("{8BC9CEB8-8B4A-11D0-8D11-00A0C91BC942}") = "Box2D", "Box2D\Box2D.vcxproj", "{9BF39260-F2D0-4348-A70C-9DD07BF16AED}"
EndProject
Project("{8BC9CEB8-8B4A-11D0-8D11-00A0C91BC942}") = "Physics-Collision-Engine", "Physics-Collision-Engine\Physics-Collision-Engine.vcxproj", "{92DAD146-A765-470B-A838-70BADAED24AD}"
EndProject
Project("{8BC9CEB8-8B4A-11D0-8D11-00A0C91BC942}") = "GWOM", "GWOM\GWOM.vcxproj", "{BA900633-113E-4364-9F01-72B7E1DCCFA8}"
	ProjectSection(ProjectDependencies) = postProject
		{9FA4B4A8-B6AA-434B-B6BF-133A54ED5F17} = {9FA4B4A8-B6AA-434B-B6BF-133A54ED5F17}
		{9D8602B0-E87E-4F15-A522-D3A5EB880ED1} = {9D8602B0-E87E-4F15-A522-D3A5EB880ED1}
	EndProjectSection
EndProject
Project("{8BC9CEB8-8B4A-11D0-8D11-00A0C91BC942}") = "Camera", "Camera\Camera.vcxproj", "{391690BC-EF82-49B8-82FD-6E7C782FE62D}"
EndProject
Project("{8BC9CEB8-8B4A-11D0-8D11-00A0C91BC942}") = "Input-Manager", "Input-Manager\Input-Manager.vcxproj", "{7270A291-BEE9-40C0-A95E-82217EE47AAB}"
EndProject
Project("{8BC9CEB8-8B4A-11D0-8D11-00A0C91BC942}") = "Shapes", "Shapes\Shapes.vcxproj", "{207904C2-2C31-45BC-9C8B-68544968B7CA}"
EndProject
Project("{8BC9CEB8-8B4A-11D0-8D11-00A0C91BC942}") = "AI", "AI\AI.vcxproj", "{DEF8C102-BA38-4DFC-8AAA-5DEC3A13B826}"
EndProject
Project("{8BC9CEB8-8B4A-11D0-8D11-00A0C91BC942}") = "Lua", "Lua\Lua.vcxproj", "{9FE7BA65-D057-4804-84C0-34AA7CE6A2D0}"
EndProject
Project("{8BC9CEB8-8B4A-11D0-8D11-00A0C91BC942}") = "Animation-System", "Animation-System\Animation-System.vcxproj", "{950CF702-C9F5-4908-AB28-3EBEFC5F8219}"
EndProject
Project("{8BC9CEB8-8B4A-11D0-8D11-00A0C91BC942}") = "MathLib", "MathLib\MathLib.vcxproj", "{CF5CC0C6-C7D4-41B8-A134-1E515E8A2996}"
EndProject
Project("{8BC9CEB8-8B4A-11D0-8D11-00A0C91BC942}") = "SquareBox-Core", "SquareBox-Core\SquareBox-Core.vcxproj", "{EBBE5CD8-ECF3-4438-A1EA-2FF3653E90D6}"
EndProject
Project("{8BC9CEB8-8B4A-11D0-8D11-00A0C91BC942}") = "main", "main\main.vcxproj", "{B7F3A6F1-0359-4427-925D-4A6D1C979B61}"
EndProject
Project("{39E2626F-3545-4960-A6E8-258AD8476CE5}") = "SDL2_GradleApp", "SDL2_GradleApp\SDL2_GradleApp.androidproj", "{F38408B0-8D17-4D2B-AEB4-5FA30B7F6373}"
EndProject
Project("{8BC9CEB8-8B4A-11D0-8D11-00A0C91BC942}") = "Asset-Manager", "Asset-Manager\Asset-Manager.vcxproj", "{EC2EEA7F-DC33-4100-BA90-27C5F2173D53}"
EndProject
Project("{8BC9CEB8-8B4A-11D0-8D11-00A0C91BC942}") = "SDL2_net", "SDL2_net\SDL2_net.vcxproj", "{AAD1EBD2-3466-4C26-BF29-8D91A55A8FC2}"
EndProject
Project("{8BC9CEB8-8B4A-11D0-8D11-00A0C91BC942}") = "Network-Manager", "Network-Manager\Network-Manager.vcxproj", "{0C3F57F7-8321-4B84-BACA-996EE2AC2C22}"
EndProject
Global
	GlobalSection(SolutionConfigurationPlatforms) = preSolution
		Debug|ARM = Debug|ARM
		Debug|ARM64 = Debug|ARM64
		Debug|x64 = Debug|x64
		Debug|x86 = Debug|x86
		Dist|ARM = Dist|ARM
		Dist|ARM64 = Dist|ARM64
		Dist|x64 = Dist|x64
		Dist|x86 = Dist|x86
		Release|ARM = Release|ARM
		Release|ARM64 = Release|ARM64
		Release|x64 = Release|x64
		Release|x86 = Release|x86
	EndGlobalSection
	GlobalSection(ProjectConfigurationPlatforms) = postSolution
		{B7BE417C-B6C5-4A69-A056-E0CB0C6A344C}.Debug|ARM.ActiveCfg = Debug|ARM
		{B7BE417C-B6C5-4A69-A056-E0CB0C6A344C}.Debug|ARM.Build.0 = Debug|ARM
		{B7BE417C-B6C5-4A69-A056-E0CB0C6A344C}.Debug|ARM64.ActiveCfg = Debug|ARM64
		{B7BE417C-B6C5-4A69-A056-E0CB0C6A344C}.Debug|ARM64.Build.0 = Debug|ARM64
		{B7BE417C-B6C5-4A69-A056-E0CB0C6A344C}.Debug|x64.ActiveCfg = Debug|x64
		{B7BE417C-B6C5-4A69-A056-E0CB0C6A344C}.Debug|x64.Build.0 = Debug|x64
		{B7BE417C-B6C5-4A69-A056-E0CB0C6A344C}.Debug|x86.ActiveCfg = Debug|x86
		{B7BE417C-B6C5-4A69-A056-E0CB0C6A344C}.Debug|x86.Build.0 = Debug|x86
		{B7BE417C-B6C5-4A69-A056-E0CB0C6A344C}.Dist|ARM.ActiveCfg = Dist|ARM
		{B7BE417C-B6C5-4A69-A056-E0CB0C6A344C}.Dist|ARM.Build.0 = Dist|ARM
		{B7BE417C-B6C5-4A69-A056-E0CB0C6A344C}.Dist|ARM64.ActiveCfg = Dist|ARM64
		{B7BE417C-B6C5-4A69-A056-E0CB0C6A344C}.Dist|ARM64.Build.0 = Dist|ARM64
		{B7BE417C-B6C5-4A69-A056-E0CB0C6A344C}.Dist|x64.ActiveCfg = Dist|x64
		{B7BE417C-B6C5-4A69-A056-E0CB0C6A344C}.Dist|x64.Build.0 = Dist|x64
		{B7BE417C-B6C5-4A69-A056-E0CB0C6A344C}.Dist|x86.ActiveCfg = Dist|x86
		{B7BE417C-B6C5-4A69-A056-E0CB0C6A344C}.Dist|x86.Build.0 = Dist|x86
		{B7BE417C-B6C5-4A69-A056-E0CB0C6A344C}.Release|ARM.ActiveCfg = Release|ARM
		{B7BE417C-B6C5-4A69-A056-E0CB0C6A344C}.Release|ARM.Build.0 = Release|ARM
		{B7BE417C-B6C5-4A69-A056-E0CB0C6A344C}.Release|ARM64.ActiveCfg = Release|ARM
		{B7BE417C-B6C5-4A69-A056-E0CB0C6A344C}.Release|ARM64.Build.0 = Release|ARM
		{B7BE417C-B6C5-4A69-A056-E0CB0C6A344C}.Release|x64.ActiveCfg = Release|ARM
		{B7BE417C-B6C5-4A69-A056-E0CB0C6A344C}.Release|x64.Build.0 = Release|ARM
		{B7BE417C-B6C5-4A69-A056-E0CB0C6A344C}.Release|x86.ActiveCfg = Release|ARM
		{B7BE417C-B6C5-4A69-A056-E0CB0C6A344C}.Release|x86.Build.0 = Release|ARM
		{8572235C-B335-40DD-BA5F-9954BEDC4BFC}.Debug|ARM.ActiveCfg = Debug|ARM
		{8572235C-B335-40DD-BA5F-9954BEDC4BFC}.Debug|ARM.Build.0 = Debug|ARM
		{8572235C-B335-40DD-BA5F-9954BEDC4BFC}.Debug|ARM64.ActiveCfg = Debug|ARM64
		{8572235C-B335-40DD-BA5F-9954BEDC4BFC}.Debug|ARM64.Build.0 = Debug|ARM64
		{8572235C-B335-40DD-BA5F-9954BEDC4BFC}.Debug|x64.ActiveCfg = Debug|x64
		{8572235C-B335-40DD-BA5F-9954BEDC4BFC}.Debug|x64.Build.0 = Debug|x64
		{8572235C-B335-40DD-BA5F-9954BEDC4BFC}.Debug|x86.ActiveCfg = Debug|x86
		{8572235C-B335-40DD-BA5F-9954BEDC4BFC}.Debug|x86.Build.0 = Debug|x86
		{8572235C-B335-40DD-BA5F-9954BEDC4BFC}.Dist|ARM.ActiveCfg = Dist|ARM
		{8572235C-B335-40DD-BA5F-9954BEDC4BFC}.Dist|ARM.Build.0 = Dist|ARM
		{8572235C-B335-40DD-BA5F-9954BEDC4BFC}.Dist|ARM64.ActiveCfg = Dist|ARM64
		{8572235C-B335-40DD-BA5F-9954BEDC4BFC}.Dist|ARM64.Build.0 = Dist|ARM64
		{8572235C-B335-40DD-BA5F-9954BEDC4BFC}.Dist|x64.ActiveCfg = Dist|x64
		{8572235C-B335-40DD-BA5F-9954BEDC4BFC}.Dist|x64.Build.0 = Dist|x64
		{8572235C-B335-40DD-BA5F-9954BEDC4BFC}.Dist|x86.ActiveCfg = Dist|x86
		{8572235C-B335-40DD-BA5F-9954BEDC4BFC}.Dist|x86.Build.0 = Dist|x86
		{8572235C-B335-40DD-BA5F-9954BEDC4BFC}.Release|ARM.ActiveCfg = Release|ARM
		{8572235C-B335-40DD-BA5F-9954BEDC4BFC}.Release|ARM.Build.0 = Release|ARM
		{8572235C-B335-40DD-BA5F-9954BEDC4BFC}.Release|ARM64.ActiveCfg = Release|ARM
		{8572235C-B335-40DD-BA5F-9954BEDC4BFC}.Release|ARM64.Build.0 = Release|ARM
		{8572235C-B335-40DD-BA5F-9954BEDC4BFC}.Release|x64.ActiveCfg = Release|ARM
		{8572235C-B335-40DD-BA5F-9954BEDC4BFC}.Release|x64.Build.0 = Release|ARM
		{8572235C-B335-40DD-BA5F-9954BEDC4BFC}.Release|x86.ActiveCfg = Release|ARM
		{8572235C-B335-40DD-BA5F-9954BEDC4BFC}.Release|x86.Build.0 = Release|ARM
		{654D6F15-267A-423D-8606-351C153C4E3D}.Debug|ARM.ActiveCfg = Debug|ARM
		{654D6F15-267A-423D-8606-351C153C4E3D}.Debug|ARM.Build.0 = Debug|ARM
		{654D6F15-267A-423D-8606-351C153C4E3D}.Debug|ARM64.ActiveCfg = Debug|ARM64
		{654D6F15-267A-423D-8606-351C153C4E3D}.Debug|ARM64.Build.0 = Debug|ARM64
		{654D6F15-267A-423D-8606-351C153C4E3D}.Debug|x64.ActiveCfg = Debug|x64
		{654D6F15-267A-423D-8606-351C153C4E3D}.Debug|x64.Build.0 = Debug|x64
		{654D6F15-267A-423D-8606-351C153C4E3D}.Debug|x86.ActiveCfg = Debug|x86
		{654D6F15-267A-423D-8606-351C153C4E3D}.Debug|x86.Build.0 = Debug|x86
		{654D6F15-267A-423D-8606-351C153C4E3D}.Dist|ARM.ActiveCfg = Dist|ARM
		{654D6F15-267A-423D-8606-351C153C4E3D}.Dist|ARM.Build.0 = Dist|ARM
		{654D6F15-267A-423D-8606-351C153C4E3D}.Dist|ARM64.ActiveCfg = Dist|ARM64
		{654D6F15-267A-423D-8606-351C153C4E3D}.Dist|ARM64.Build.0 = Dist|ARM64
		{654D6F15-267A-423D-8606-351C153C4E3D}.Dist|x64.ActiveCfg = Dist|x64
		{654D6F15-267A-423D-8606-351C153C4E3D}.Dist|x64.Build.0 = Dist|x64
		{654D6F15-267A-423D-8606-351C153C4E3D}.Dist|x86.ActiveCfg = Dist|x86
		{654D6F15-267A-423D-8606-351C153C4E3D}.Dist|x86.Build.0 = Dist|x86
		{654D6F15-267A-423D-8606-351C153C4E3D}.Release|ARM.ActiveCfg = Release|ARM
		{654D6F15-267A-423D-8606-351C153C4E3D}.Release|ARM.Build.0 = Release|ARM
		{654D6F15-267A-423D-8606-351C153C4E3D}.Release|ARM64.ActiveCfg = Release|ARM
		{654D6F15-267A-423D-8606-351C153C4E3D}.Release|ARM64.Build.0 = Release|ARM
		{654D6F15-267A-423D-8606-351C153C4E3D}.Release|x64.ActiveCfg = Release|ARM
		{654D6F15-267A-423D-8606-351C153C4E3D}.Release|x64.Build.0 = Release|ARM
		{654D6F15-267A-423D-8606-351C153C4E3D}.Release|x86.ActiveCfg = Release|ARM
		{654D6F15-267A-423D-8606-351C153C4E3D}.Release|x86.Build.0 = Release|ARM
		{17D4A1C1-4148-4F5C-8B92-B1E1B8F6C98C}.Debug|ARM.ActiveCfg = Debug|ARM
		{17D4A1C1-4148-4F5C-8B92-B1E1B8F6C98C}.Debug|ARM.Build.0 = Debug|ARM
		{17D4A1C1-4148-4F5C-8B92-B1E1B8F6C98C}.Debug|ARM64.ActiveCfg = Debug|ARM64
		{17D4A1C1-4148-4F5C-8B92-B1E1B8F6C98C}.Debug|ARM64.Build.0 = Debug|ARM64
		{17D4A1C1-4148-4F5C-8B92-B1E1B8F6C98C}.Debug|x64.ActiveCfg = Debug|x64
		{17D4A1C1-4148-4F5C-8B92-B1E1B8F6C98C}.Debug|x64.Build.0 = Debug|x64
		{17D4A1C1-4148-4F5C-8B92-B1E1B8F6C98C}.Debug|x86.ActiveCfg = Debug|x86
		{17D4A1C1-4148-4F5C-8B92-B1E1B8F6C98C}.Debug|x86.Build.0 = Debug|x86
		{17D4A1C1-4148-4F5C-8B92-B1E1B8F6C98C}.Dist|ARM.ActiveCfg = Dist|ARM
		{17D4A1C1-4148-4F5C-8B92-B1E1B8F6C98C}.Dist|ARM.Build.0 = Dist|ARM
		{17D4A1C1-4148-4F5C-8B92-B1E1B8F6C98C}.Dist|ARM64.ActiveCfg = Dist|ARM64
		{17D4A1C1-4148-4F5C-8B92-B1E1B8F6C98C}.Dist|ARM64.Build.0 = Dist|ARM64
		{17D4A1C1-4148-4F5C-8B92-B1E1B8F6C98C}.Dist|x64.ActiveCfg = Dist|x64
		{17D4A1C1-4148-4F5C-8B92-B1E1B8F6C98C}.Dist|x64.Build.0 = Dist|x64
		{17D4A1C1-4148-4F5C-8B92-B1E1B8F6C98C}.Dist|x86.ActiveCfg = Dist|x86
		{17D4A1C1-4148-4F5C-8B92-B1E1B8F6C98C}.Dist|x86.Build.0 = Dist|x86
		{17D4A1C1-4148-4F5C-8B92-B1E1B8F6C98C}.Release|ARM.ActiveCfg = Release|ARM
		{17D4A1C1-4148-4F5C-8B92-B1E1B8F6C98C}.Release|ARM.Build.0 = Release|ARM
		{17D4A1C1-4148-4F5C-8B92-B1E1B8F6C98C}.Release|ARM64.ActiveCfg = Release|ARM
		{17D4A1C1-4148-4F5C-8B92-B1E1B8F6C98C}.Release|ARM64.Build.0 = Release|ARM
		{17D4A1C1-4148-4F5C-8B92-B1E1B8F6C98C}.Release|x64.ActiveCfg = Release|ARM
		{17D4A1C1-4148-4F5C-8B92-B1E1B8F6C98C}.Release|x64.Build.0 = Release|ARM
		{17D4A1C1-4148-4F5C-8B92-B1E1B8F6C98C}.Release|x86.ActiveCfg = Release|ARM
		{17D4A1C1-4148-4F5C-8B92-B1E1B8F6C98C}.Release|x86.Build.0 = Release|ARM
		{C754F933-F8EC-49F9-B5D2-62EC1C4C41BB}.Debug|ARM.ActiveCfg = Debug|ARM
		{C754F933-F8EC-49F9-B5D2-62EC1C4C41BB}.Debug|ARM.Build.0 = Debug|ARM
		{C754F933-F8EC-49F9-B5D2-62EC1C4C41BB}.Debug|ARM64.ActiveCfg = Debug|ARM64
		{C754F933-F8EC-49F9-B5D2-62EC1C4C41BB}.Debug|ARM64.Build.0 = Debug|ARM64
		{C754F933-F8EC-49F9-B5D2-62EC1C4C41BB}.Debug|x64.ActiveCfg = Debug|x64
		{C754F933-F8EC-49F9-B5D2-62EC1C4C41BB}.Debug|x64.Build.0 = Debug|x64
		{C754F933-F8EC-49F9-B5D2-62EC1C4C41BB}.Debug|x86.ActiveCfg = Debug|x86
		{C754F933-F8EC-49F9-B5D2-62EC1C4C41BB}.Debug|x86.Build.0 = Debug|x86
		{C754F933-F8EC-49F9-B5D2-62EC1C4C41BB}.Dist|ARM.ActiveCfg = Dist|ARM
		{C754F933-F8EC-49F9-B5D2-62EC1C4C41BB}.Dist|ARM.Build.0 = Dist|ARM
		{C754F933-F8EC-49F9-B5D2-62EC1C4C41BB}.Dist|ARM64.ActiveCfg = Dist|ARM64
		{C754F933-F8EC-49F9-B5D2-62EC1C4C41BB}.Dist|ARM64.Build.0 = Dist|ARM64
		{C754F933-F8EC-49F9-B5D2-62EC1C4C41BB}.Dist|x64.ActiveCfg = Dist|x64
		{C754F933-F8EC-49F9-B5D2-62EC1C4C41BB}.Dist|x64.Build.0 = Dist|x64
		{C754F933-F8EC-49F9-B5D2-62EC1C4C41BB}.Dist|x86.ActiveCfg = Dist|x86
		{C754F933-F8EC-49F9-B5D2-62EC1C4C41BB}.Dist|x86.Build.0 = Dist|x86
		{C754F933-F8EC-49F9-B5D2-62EC1C4C41BB}.Release|ARM.ActiveCfg = Release|ARM
		{C754F933-F8EC-49F9-B5D2-62EC1C4C41BB}.Release|ARM.Build.0 = Release|ARM
		{C754F933-F8EC-49F9-B5D2-62EC1C4C41BB}.Release|ARM64.ActiveCfg = Release|ARM
		{C754F933-F8EC-49F9-B5D2-62EC1C4C41BB}.Release|ARM64.Build.0 = Release|ARM
		{C754F933-F8EC-49F9-B5D2-62EC1C4C41BB}.Release|x64.ActiveCfg = Release|ARM
		{C754F933-F8EC-49F9-B5D2-62EC1C4C41BB}.Release|x64.Build.0 = Release|ARM
		{C754F933-F8EC-49F9-B5D2-62EC1C4C41BB}.Release|x86.ActiveCfg = Release|ARM
		{C754F933-F8EC-49F9-B5D2-62EC1C4C41BB}.Release|x86.Build.0 = Release|ARM
		{03A9401D-CEFF-4F5E-A7B4-FC2A0D9F6C95}.Debug|ARM.ActiveCfg = Debug|ARM
		{03A9401D-CEFF-4F5E-A7B4-FC2A0D9F6C95}.Debug|ARM.Build.0 = Debug|ARM
		{03A9401D-CEFF-4F5E-A7B4-FC2A0D9F6C95}.Debug|ARM64.ActiveCfg = Debug|ARM64
		{03A9401D-CEFF-4F5E-A7B4-FC2A0D9F6C95}.Debug|ARM64.Build.0 = Debug|ARM64
		{03A9401D-CEFF-4F5E-A7B4-FC2A0D9F6C95}.Debug|x64.ActiveCfg = Debug|x64
		{03A9401D-CEFF-4F5E-A7B4-FC2A0D9F6C95}.Debug|x64.Build.0 = Debug|x64
		{03A9401D-CEFF-4F5E-A7B4-FC2A0D9F6C95}.Debug|x86.ActiveCfg = Debug|x86
		{03A9401D-CEFF-4F5E-A7B4-FC2A0D9F6C95}.Debug|x86.Build.0 = Debug|x86
		{03A9401D-CEFF-4F5E-A7B4-FC2A0D9F6C95}.Dist|ARM.ActiveCfg = Dist|ARM
		{03A9401D-CEFF-4F5E-A7B4-FC2A0D9F6C95}.Dist|ARM.Build.0 = Dist|ARM
		{03A9401D-CEFF-4F5E-A7B4-FC2A0D9F6C95}.Dist|ARM64.ActiveCfg = Dist|ARM64
		{03A9401D-CEFF-4F5E-A7B4-FC2A0D9F6C95}.Dist|ARM64.Build.0 = Dist|ARM64
		{03A9401D-CEFF-4F5E-A7B4-FC2A0D9F6C95}.Dist|x64.ActiveCfg = Dist|x64
		{03A9401D-CEFF-4F5E-A7B4-FC2A0D9F6C95}.Dist|x64.Build.0 = Dist|x64
		{03A9401D-CEFF-4F5E-A7B4-FC2A0D9F6C95}.Dist|x86.ActiveCfg = Dist|x86
		{03A9401D-CEFF-4F5E-A7B4-FC2A0D9F6C95}.Dist|x86.Build.0 = Dist|x86
		{03A9401D-CEFF-4F5E-A7B4-FC2A0D9F6C95}.Release|ARM.ActiveCfg = Release|ARM
		{03A9401D-CEFF-4F5E-A7B4-FC2A0D9F6C95}.Release|ARM.Build.0 = Release|ARM
		{03A9401D-CEFF-4F5E-A7B4-FC2A0D9F6C95}.Release|ARM64.ActiveCfg = Release|ARM
		{03A9401D-CEFF-4F5E-A7B4-FC2A0D9F6C95}.Release|ARM64.Build.0 = Release|ARM
		{03A9401D-CEFF-4F5E-A7B4-FC2A0D9F6C95}.Release|x64.ActiveCfg = Release|ARM
		{03A9401D-CEFF-4F5E-A7B4-FC2A0D9F6C95}.Release|x64.Build.0 = Release|ARM
		{03A9401D-CEFF-4F5E-A7B4-FC2A0D9F6C95}.Release|x86.ActiveCfg = Release|ARM
		{03A9401D-CEFF-4F5E-A7B4-FC2A0D9F6C95}.Release|x86.Build.0 = Release|ARM
		{9FA4B4A8-B6AA-434B-B6BF-133A54ED5F17}.Debug|ARM.ActiveCfg = Debug|ARM
		{9FA4B4A8-B6AA-434B-B6BF-133A54ED5F17}.Debug|ARM.Build.0 = Debug|ARM
		{9FA4B4A8-B6AA-434B-B6BF-133A54ED5F17}.Debug|ARM64.ActiveCfg = Debug|ARM64
		{9FA4B4A8-B6AA-434B-B6BF-133A54ED5F17}.Debug|ARM64.Build.0 = Debug|ARM64
		{9FA4B4A8-B6AA-434B-B6BF-133A54ED5F17}.Debug|x64.ActiveCfg = Debug|x64
		{9FA4B4A8-B6AA-434B-B6BF-133A54ED5F17}.Debug|x64.Build.0 = Debug|x64
		{9FA4B4A8-B6AA-434B-B6BF-133A54ED5F17}.Debug|x86.ActiveCfg = Debug|x86
		{9FA4B4A8-B6AA-434B-B6BF-133A54ED5F17}.Debug|x86.Build.0 = Debug|x86
		{9FA4B4A8-B6AA-434B-B6BF-133A54ED5F17}.Dist|ARM.ActiveCfg = Dist|ARM
		{9FA4B4A8-B6AA-434B-B6BF-133A54ED5F17}.Dist|ARM.Build.0 = Dist|ARM
		{9FA4B4A8-B6AA-434B-B6BF-133A54ED5F17}.Dist|ARM64.ActiveCfg = Dist|ARM64
		{9FA4B4A8-B6AA-434B-B6BF-133A54ED5F17}.Dist|ARM64.Build.0 = Dist|ARM64
		{9FA4B4A8-B6AA-434B-B6BF-133A54ED5F17}.Dist|x64.ActiveCfg = Dist|x64
		{9FA4B4A8-B6AA-434B-B6BF-133A54ED5F17}.Dist|x64.Build.0 = Dist|x64
		{9FA4B4A8-B6AA-434B-B6BF-133A54ED5F17}.Dist|x86.ActiveCfg = Dist|x86
		{9FA4B4A8-B6AA-434B-B6BF-133A54ED5F17}.Dist|x86.Build.0 = Dist|x86
		{9FA4B4A8-B6AA-434B-B6BF-133A54ED5F17}.Release|ARM.ActiveCfg = Release|ARM
		{9FA4B4A8-B6AA-434B-B6BF-133A54ED5F17}.Release|ARM.Build.0 = Release|ARM
		{9FA4B4A8-B6AA-434B-B6BF-133A54ED5F17}.Release|ARM64.ActiveCfg = Release|ARM
		{9FA4B4A8-B6AA-434B-B6BF-133A54ED5F17}.Release|ARM64.Build.0 = Release|ARM
		{9FA4B4A8-B6AA-434B-B6BF-133A54ED5F17}.Release|x64.ActiveCfg = Release|ARM
		{9FA4B4A8-B6AA-434B-B6BF-133A54ED5F17}.Release|x64.Build.0 = Release|ARM
		{9FA4B4A8-B6AA-434B-B6BF-133A54ED5F17}.Release|x86.ActiveCfg = Release|ARM
		{9FA4B4A8-B6AA-434B-B6BF-133A54ED5F17}.Release|x86.Build.0 = Release|ARM
		{9D8602B0-E87E-4F15-A522-D3A5EB880ED1}.Debug|ARM.ActiveCfg = Debug|ARM
		{9D8602B0-E87E-4F15-A522-D3A5EB880ED1}.Debug|ARM.Build.0 = Debug|ARM
		{9D8602B0-E87E-4F15-A522-D3A5EB880ED1}.Debug|ARM64.ActiveCfg = Debug|ARM64
		{9D8602B0-E87E-4F15-A522-D3A5EB880ED1}.Debug|ARM64.Build.0 = Debug|ARM64
		{9D8602B0-E87E-4F15-A522-D3A5EB880ED1}.Debug|x64.ActiveCfg = Debug|x64
		{9D8602B0-E87E-4F15-A522-D3A5EB880ED1}.Debug|x64.Build.0 = Debug|x64
		{9D8602B0-E87E-4F15-A522-D3A5EB880ED1}.Debug|x86.ActiveCfg = Debug|x86
		{9D8602B0-E87E-4F15-A522-D3A5EB880ED1}.Debug|x86.Build.0 = Debug|x86
		{9D8602B0-E87E-4F15-A522-D3A5EB880ED1}.Dist|ARM.ActiveCfg = Dist|ARM
		{9D8602B0-E87E-4F15-A522-D3A5EB880ED1}.Dist|ARM.Build.0 = Dist|ARM
		{9D8602B0-E87E-4F15-A522-D3A5EB880ED1}.Dist|ARM64.ActiveCfg = Dist|ARM64
		{9D8602B0-E87E-4F15-A522-D3A5EB880ED1}.Dist|ARM64.Build.0 = Dist|ARM64
		{9D8602B0-E87E-4F15-A522-D3A5EB880ED1}.Dist|x64.ActiveCfg = Dist|x64
		{9D8602B0-E87E-4F15-A522-D3A5EB880ED1}.Dist|x64.Build.0 = Dist|x64
		{9D8602B0-E87E-4F15-A522-D3A5EB880ED1}.Dist|x86.ActiveCfg = Dist|x86
		{9D8602B0-E87E-4F15-A522-D3A5EB880ED1}.Dist|x86.Build.0 = Dist|x86
		{9D8602B0-E87E-4F15-A522-D3A5EB880ED1}.Release|ARM.ActiveCfg = Release|ARM
		{9D8602B0-E87E-4F15-A522-D3A5EB880ED1}.Release|ARM.Build.0 = Release|ARM
		{9D8602B0-E87E-4F15-A522-D3A5EB880ED1}.Release|ARM64.ActiveCfg = Release|ARM
		{9D8602B0-E87E-4F15-A522-D3A5EB880ED1}.Release|ARM64.Build.0 = Release|ARM
		{9D8602B0-E87E-4F15-A522-D3A5EB880ED1}.Release|x64.ActiveCfg = Release|ARM
		{9D8602B0-E87E-4F15-A522-D3A5EB880ED1}.Release|x64.Build.0 = Release|ARM
		{9D8602B0-E87E-4F15-A522-D3A5EB880ED1}.Release|x86.ActiveCfg = Release|ARM
		{9D8602B0-E87E-4F15-A522-D3A5EB880ED1}.Release|x86.Build.0 = Release|ARM
		{9BF39260-F2D0-4348-A70C-9DD07BF16AED}.Debug|ARM.ActiveCfg = Debug|ARM
		{9BF39260-F2D0-4348-A70C-9DD07BF16AED}.Debug|ARM.Build.0 = Debug|ARM
		{9BF39260-F2D0-4348-A70C-9DD07BF16AED}.Debug|ARM64.ActiveCfg = Debug|ARM64
		{9BF39260-F2D0-4348-A70C-9DD07BF16AED}.Debug|ARM64.Build.0 = Debug|ARM64
		{9BF39260-F2D0-4348-A70C-9DD07BF16AED}.Debug|x64.ActiveCfg = Debug|x64
		{9BF39260-F2D0-4348-A70C-9DD07BF16AED}.Debug|x64.Build.0 = Debug|x64
		{9BF39260-F2D0-4348-A70C-9DD07BF16AED}.Debug|x86.ActiveCfg = Debug|x86
		{9BF39260-F2D0-4348-A70C-9DD07BF16AED}.Debug|x86.Build.0 = Debug|x86
		{9BF39260-F2D0-4348-A70C-9DD07BF16AED}.Dist|ARM.ActiveCfg = Dist|ARM
		{9BF39260-F2D0-4348-A70C-9DD07BF16AED}.Dist|ARM.Build.0 = Dist|ARM
		{9BF39260-F2D0-4348-A70C-9DD07BF16AED}.Dist|ARM64.ActiveCfg = Dist|ARM64
		{9BF39260-F2D0-4348-A70C-9DD07BF16AED}.Dist|ARM64.Build.0 = Dist|ARM64
		{9BF39260-F2D0-4348-A70C-9DD07BF16AED}.Dist|x64.ActiveCfg = Dist|x64
		{9BF39260-F2D0-4348-A70C-9DD07BF16AED}.Dist|x64.Build.0 = Dist|x64
		{9BF39260-F2D0-4348-A70C-9DD07BF16AED}.Dist|x86.ActiveCfg = Dist|x86
		{9BF39260-F2D0-4348-A70C-9DD07BF16AED}.Dist|x86.Build.0 = Dist|x86
		{9BF39260-F2D0-4348-A70C-9DD07BF16AED}.Release|ARM.ActiveCfg = Release|ARM
		{9BF39260-F2D0-4348-A70C-9DD07BF16AED}.Release|ARM.Build.0 = Release|ARM
		{9BF39260-F2D0-4348-A70C-9DD07BF16AED}.Release|ARM64.ActiveCfg = Release|ARM
		{9BF39260-F2D0-4348-A70C-9DD07BF16AED}.Release|ARM64.Build.0 = Release|ARM
		{9BF39260-F2D0-4348-A70C-9DD07BF16AED}.Release|x64.ActiveCfg = Release|ARM
		{9BF39260-F2D0-4348-A70C-9DD07BF16AED}.Release|x64.Build.0 = Release|ARM
		{9BF39260-F2D0-4348-A70C-9DD07BF16AED}.Release|x86.ActiveCfg = Release|ARM
		{9BF39260-F2D0-4348-A70C-9DD07BF16AED}.Release|x86.Build.0 = Release|ARM
		{92DAD146-A765-470B-A838-70BADAED24AD}.Debug|ARM.ActiveCfg = Debug|ARM
		{92DAD146-A765-470B-A838-70BADAED24AD}.Debug|ARM.Build.0 = Debug|ARM
		{92DAD146-A765-470B-A838-70BADAED24AD}.Debug|ARM64.ActiveCfg = Debug|ARM64
		{92DAD146-A765-470B-A838-70BADAED24AD}.Debug|ARM64.Build.0 = Debug|ARM64
		{92DAD146-A765-470B-A838-70BADAED24AD}.Debug|x64.ActiveCfg = Debug|x64
		{92DAD146-A765-470B-A838-70BADAED24AD}.Debug|x64.Build.0 = Debug|x64
		{92DAD146-A765-470B-A838-70BADAED24AD}.Debug|x86.ActiveCfg = Debug|x86
		{92DAD146-A765-470B-A838-70BADAED24AD}.Debug|x86.Build.0 = Debug|x86
		{92DAD146-A765-470B-A838-70BADAED24AD}.Dist|ARM.ActiveCfg = Dist|ARM
		{92DAD146-A765-470B-A838-70BADAED24AD}.Dist|ARM.Build.0 = Dist|ARM
		{92DAD146-A765-470B-A838-70BADAED24AD}.Dist|ARM64.ActiveCfg = Dist|ARM64
		{92DAD146-A765-470B-A838-70BADAED24AD}.Dist|ARM64.Build.0 = Dist|ARM64
		{92DAD146-A765-470B-A838-70BADAED24AD}.Dist|x64.ActiveCfg = Dist|x64
		{92DAD146-A765-470B-A838-70BADAED24AD}.Dist|x64.Build.0 = Dist|x64
		{92DAD146-A765-470B-A838-70BADAED24AD}.Dist|x86.ActiveCfg = Dist|x86
		{92DAD146-A765-470B-A838-70BADAED24AD}.Dist|x86.Build.0 = Dist|x86
		{92DAD146-A765-470B-A838-70BADAED24AD}.Release|ARM.ActiveCfg = Release|ARM
		{92DAD146-A765-470B-A838-70BADAED24AD}.Release|ARM.Build.0 = Release|ARM
		{92DAD146-A765-470B-A838-70BADAED24AD}.Release|ARM64.ActiveCfg = Release|ARM
		{92DAD146-A765-470B-A838-70BADAED24AD}.Release|ARM64.Build.0 = Release|ARM
		{92DAD146-A765-470B-A838-70BADAED24AD}.Release|x64.ActiveCfg = Release|ARM
		{92DAD146-A765-470B-A838-70BADAED24AD}.Release|x64.Build.0 = Release|ARM
		{92DAD146-A765-470B-A838-70BADAED24AD}.Release|x86.ActiveCfg = Release|ARM
		{92DAD146-A765-470B-A838-70BADAED24AD}.Release|x86.Build.0 = Release|ARM
		{BA900633-113E-4364-9F01-72B7E1DCCFA8}.Debug|ARM.ActiveCfg = Debug|ARM
		{BA900633-113E-4364-9F01-72B7E1DCCFA8}.Debug|ARM.Build.0 = Debug|ARM
		{BA900633-113E-4364-9F01-72B7E1DCCFA8}.Debug|ARM64.ActiveCfg = Debug|ARM64
		{BA900633-113E-4364-9F01-72B7E1DCCFA8}.Debug|ARM64.Build.0 = Debug|ARM64
		{BA900633-113E-4364-9F01-72B7E1DCCFA8}.Debug|x64.ActiveCfg = Debug|x64
		{BA900633-113E-4364-9F01-72B7E1DCCFA8}.Debug|x64.Build.0 = Debug|x64
		{BA900633-113E-4364-9F01-72B7E1DCCFA8}.Debug|x86.ActiveCfg = Debug|x86
		{BA900633-113E-4364-9F01-72B7E1DCCFA8}.Debug|x86.Build.0 = Debug|x86
		{BA900633-113E-4364-9F01-72B7E1DCCFA8}.Dist|ARM.ActiveCfg = Dist|ARM
		{BA900633-113E-4364-9F01-72B7E1DCCFA8}.Dist|ARM.Build.0 = Dist|ARM
		{BA900633-113E-4364-9F01-72B7E1DCCFA8}.Dist|ARM64.ActiveCfg = Dist|ARM64
		{BA900633-113E-4364-9F01-72B7E1DCCFA8}.Dist|ARM64.Build.0 = Dist|ARM64
		{BA900633-113E-4364-9F01-72B7E1DCCFA8}.Dist|x64.ActiveCfg = Dist|x64
		{BA900633-113E-4364-9F01-72B7E1DCCFA8}.Dist|x64.Build.0 = Dist|x64
		{BA900633-113E-4364-9F01-72B7E1DCCFA8}.Dist|x86.ActiveCfg = Dist|x86
		{BA900633-113E-4364-9F01-72B7E1DCCFA8}.Dist|x86.Build.0 = Dist|x86
		{BA900633-113E-4364-9F01-72B7E1DCCFA8}.Release|ARM.ActiveCfg = Release|ARM
		{BA900633-113E-4364-9F01-72B7E1DCCFA8}.Release|ARM.Build.0 = Release|ARM
		{BA900633-113E-4364-9F01-72B7E1DCCFA8}.Release|ARM64.ActiveCfg = Release|ARM
		{BA900633-113E-4364-9F01-72B7E1DCCFA8}.Release|ARM64.Build.0 = Release|ARM
		{BA900633-113E-4364-9F01-72B7E1DCCFA8}.Release|x64.ActiveCfg = Release|ARM
		{BA900633-113E-4364-9F01-72B7E1DCCFA8}.Release|x64.Build.0 = Release|ARM
		{BA900633-113E-4364-9F01-72B7E1DCCFA8}.Release|x86.ActiveCfg = Release|ARM
		{BA900633-113E-4364-9F01-72B7E1DCCFA8}.Release|x86.Build.0 = Release|ARM
		{391690BC-EF82-49B8-82FD-6E7C782FE62D}.Debug|ARM.ActiveCfg = Debug|ARM
		{391690BC-EF82-49B8-82FD-6E7C782FE62D}.Debug|ARM.Build.0 = Debug|ARM
		{391690BC-EF82-49B8-82FD-6E7C782FE62D}.Debug|ARM64.ActiveCfg = Debug|ARM64
		{391690BC-EF82-49B8-82FD-6E7C782FE62D}.Debug|ARM64.Build.0 = Debug|ARM64
		{391690BC-EF82-49B8-82FD-6E7C782FE62D}.Debug|x64.ActiveCfg = Debug|x64
		{391690BC-EF82-49B8-82FD-6E7C782FE62D}.Debug|x64.Build.0 = Debug|x64
		{391690BC-EF82-49B8-82FD-6E7C782FE62D}.Debug|x86.ActiveCfg = Debug|x86
		{391690BC-EF82-49B8-82FD-6E7C782FE62D}.Debug|x86.Build.0 = Debug|x86
		{391690BC-EF82-49B8-82FD-6E7C782FE62D}.Dist|ARM.ActiveCfg = Dist|ARM
		{391690BC-EF82-49B8-82FD-6E7C782FE62D}.Dist|ARM.Build.0 = Dist|ARM
		{391690BC-EF82-49B8-82FD-6E7C782FE62D}.Dist|ARM64.ActiveCfg = Dist|ARM64
		{391690BC-EF82-49B8-82FD-6E7C782FE62D}.Dist|ARM64.Build.0 = Dist|ARM64
		{391690BC-EF82-49B8-82FD-6E7C782FE62D}.Dist|x64.ActiveCfg = Dist|x64
		{391690BC-EF82-49B8-82FD-6E7C782FE62D}.Dist|x64.Build.0 = Dist|x64
		{391690BC-EF82-49B8-82FD-6E7C782FE62D}.Dist|x86.ActiveCfg = Dist|x86
		{391690BC-EF82-49B8-82FD-6E7C782FE62D}.Dist|x86.Build.0 = Dist|x86
		{391690BC-EF82-49B8-82FD-6E7C782FE62D}.Release|ARM.ActiveCfg = Release|ARM
		{391690BC-EF82-49B8-82FD-6E7C782FE62D}.Release|ARM.Build.0 = Release|ARM
		{391690BC-EF82-49B8-82FD-6E7C782FE62D}.Release|ARM64.ActiveCfg = Release|ARM
		{391690BC-EF82-49B8-82FD-6E7C782FE62D}.Release|ARM64.Build.0 = Release|ARM
		{391690BC-EF82-49B8-82FD-6E7C782FE62D}.Release|x64.ActiveCfg = Release|ARM
		{391690BC-EF82-49B8-82FD-6E7C782FE62D}.Release|x64.Build.0 = Release|ARM
		{391690BC-EF82-49B8-82FD-6E7C782FE62D}.Release|x86.ActiveCfg = Release|ARM
		{391690BC-EF82-49B8-82FD-6E7C782FE62D}.Release|x86.Build.0 = Release|ARM
		{7270A291-BEE9-40C0-A95E-82217EE47AAB}.Debug|ARM.ActiveCfg = Debug|ARM
		{7270A291-BEE9-40C0-A95E-82217EE47AAB}.Debug|ARM.Build.0 = Debug|ARM
		{7270A291-BEE9-40C0-A95E-82217EE47AAB}.Debug|ARM64.ActiveCfg = Debug|ARM64
		{7270A291-BEE9-40C0-A95E-82217EE47AAB}.Debug|ARM64.Build.0 = Debug|ARM64
		{7270A291-BEE9-40C0-A95E-82217EE47AAB}.Debug|x64.ActiveCfg = Debug|x64
		{7270A291-BEE9-40C0-A95E-82217EE47AAB}.Debug|x64.Build.0 = Debug|x64
		{7270A291-BEE9-40C0-A95E-82217EE47AAB}.Debug|x86.ActiveCfg = Debug|x86
		{7270A291-BEE9-40C0-A95E-82217EE47AAB}.Debug|x86.Build.0 = Debug|x86
		{7270A291-BEE9-40C0-A95E-82217EE47AAB}.Dist|ARM.ActiveCfg = Dist|ARM
		{7270A291-BEE9-40C0-A95E-82217EE47AAB}.Dist|ARM.Build.0 = Dist|ARM
		{7270A291-BEE9-40C0-A95E-82217EE47AAB}.Dist|ARM64.ActiveCfg = Dist|ARM64
		{7270A291-BEE9-40C0-A95E-82217EE47AAB}.Dist|ARM64.Build.0 = Dist|ARM64
		{7270A291-BEE9-40C0-A95E-82217EE47AAB}.Dist|x64.ActiveCfg = Dist|x64
		{7270A291-BEE9-40C0-A95E-82217EE47AAB}.Dist|x64.Build.0 = Dist|x64
		{7270A291-BEE9-40C0-A95E-82217EE47AAB}.Dist|x86.ActiveCfg = Dist|x86
		{7270A291-BEE9-40C0-A95E-82217EE47AAB}.Dist|x86.Build.0 = Dist|x86
		{7270A291-BEE9-40C0-A95E-82217EE47AAB}.Release|ARM.ActiveCfg = Release|ARM
		{7270A291-BEE9-40C0-A95E-82217EE47AAB}.Release|ARM.Build.0 = Release|ARM
		{7270A291-BEE9-40C0-A95E-82217EE47AAB}.Release|ARM64.ActiveCfg = Release|ARM
		{7270A291-BEE9-40C0-A95E-82217EE47AAB}.Release|ARM64.Build.0 = Release|ARM
		{7270A291-BEE9-40C0-A95E-82217EE47AAB}.Release|x64.ActiveCfg = Release|ARM
		{7270A291-BEE9-40C0-A95E-82217EE47AAB}.Release|x64.Build.0 = Release|ARM
		{7270A291-BEE9-40C0-A95E-82217EE47AAB}.Release|x86.ActiveCfg = Release|ARM
		{7270A291-BEE9-40C0-A95E-82217EE47AAB}.Release|x86.Build.0 = Release|ARM
		{207904C2-2C31-45BC-9C8B-68544968B7CA}.Debug|ARM.ActiveCfg = Debug|ARM
		{207904C2-2C31-45BC-9C8B-68544968B7CA}.Debug|ARM.Build.0 = Debug|ARM
		{207904C2-2C31-45BC-9C8B-68544968B7CA}.Debug|ARM64.ActiveCfg = Debug|ARM64
		{207904C2-2C31-45BC-9C8B-68544968B7CA}.Debug|ARM64.Build.0 = Debug|ARM64
		{207904C2-2C31-45BC-9C8B-68544968B7CA}.Debug|x64.ActiveCfg = Debug|x64
		{207904C2-2C31-45BC-9C8B-68544968B7CA}.Debug|x64.Build.0 = Debug|x64
		{207904C2-2C31-45BC-9C8B-68544968B7CA}.Debug|x86.ActiveCfg = Debug|x86
		{207904C2-2C31-45BC-9C8B-68544968B7CA}.Debug|x86.Build.0 = Debug|x86
		{207904C2-2C31-45BC-9C8B-68544968B7CA}.Dist|ARM.ActiveCfg = Debug|ARM
		{207904C2-2C31-45BC-9C8B-68544968B7CA}.Dist|ARM.Build.0 = Debug|ARM
		{207904C2-2C31-45BC-9C8B-68544968B7CA}.Dist|ARM64.ActiveCfg = Debug|ARM64
		{207904C2-2C31-45BC-9C8B-68544968B7CA}.Dist|ARM64.Build.0 = Debug|ARM64
		{207904C2-2C31-45BC-9C8B-68544968B7CA}.Dist|x64.ActiveCfg = Debug|x64
		{207904C2-2C31-45BC-9C8B-68544968B7CA}.Dist|x64.Build.0 = Debug|x64
		{207904C2-2C31-45BC-9C8B-68544968B7CA}.Dist|x86.ActiveCfg = Debug|x86
		{207904C2-2C31-45BC-9C8B-68544968B7CA}.Dist|x86.Build.0 = Debug|x86
		{207904C2-2C31-45BC-9C8B-68544968B7CA}.Release|ARM.ActiveCfg = Release|ARM
		{207904C2-2C31-45BC-9C8B-68544968B7CA}.Release|ARM.Build.0 = Release|ARM
		{207904C2-2C31-45BC-9C8B-68544968B7CA}.Release|ARM64.ActiveCfg = Release|ARM64
		{207904C2-2C31-45BC-9C8B-68544968B7CA}.Release|ARM64.Build.0 = Release|ARM64
		{207904C2-2C31-45BC-9C8B-68544968B7CA}.Release|x64.ActiveCfg = Release|x64
		{207904C2-2C31-45BC-9C8B-68544968B7CA}.Release|x64.Build.0 = Release|x64
		{207904C2-2C31-45BC-9C8B-68544968B7CA}.Release|x86.ActiveCfg = Release|x86
		{207904C2-2C31-45BC-9C8B-68544968B7CA}.Release|x86.Build.0 = Release|x86
		{DEF8C102-BA38-4DFC-8AAA-5DEC3A13B826}.Debug|ARM.ActiveCfg = Debug|ARM
		{DEF8C102-BA38-4DFC-8AAA-5DEC3A13B826}.Debug|ARM.Build.0 = Debug|ARM
		{DEF8C102-BA38-4DFC-8AAA-5DEC3A13B826}.Debug|ARM64.ActiveCfg = Debug|ARM64
		{DEF8C102-BA38-4DFC-8AAA-5DEC3A13B826}.Debug|ARM64.Build.0 = Debug|ARM64
		{DEF8C102-BA38-4DFC-8AAA-5DEC3A13B826}.Debug|x64.ActiveCfg = Debug|x64
		{DEF8C102-BA38-4DFC-8AAA-5DEC3A13B826}.Debug|x64.Build.0 = Debug|x64
		{DEF8C102-BA38-4DFC-8AAA-5DEC3A13B826}.Debug|x86.ActiveCfg = Debug|x86
		{DEF8C102-BA38-4DFC-8AAA-5DEC3A13B826}.Debug|x86.Build.0 = Debug|x86
		{DEF8C102-BA38-4DFC-8AAA-5DEC3A13B826}.Dist|ARM.ActiveCfg = Debug|ARM
		{DEF8C102-BA38-4DFC-8AAA-5DEC3A13B826}.Dist|ARM.Build.0 = Debug|ARM
		{DEF8C102-BA38-4DFC-8AAA-5DEC3A13B826}.Dist|ARM64.ActiveCfg = Debug|ARM64
		{DEF8C102-BA38-4DFC-8AAA-5DEC3A13B826}.Dist|ARM64.Build.0 = Debug|ARM64
		{DEF8C102-BA38-4DFC-8AAA-5DEC3A13B826}.Dist|x64.ActiveCfg = Debug|x64
		{DEF8C102-BA38-4DFC-8AAA-5DEC3A13B826}.Dist|x64.Build.0 = Debug|x64
		{DEF8C102-BA38-4DFC-8AAA-5DEC3A13B826}.Dist|x86.ActiveCfg = Debug|x86
		{DEF8C102-BA38-4DFC-8AAA-5DEC3A13B826}.Dist|x86.Build.0 = Debug|x86
		{DEF8C102-BA38-4DFC-8AAA-5DEC3A13B826}.Release|ARM.ActiveCfg = Release|ARM
		{DEF8C102-BA38-4DFC-8AAA-5DEC3A13B826}.Release|ARM.Build.0 = Release|ARM
		{DEF8C102-BA38-4DFC-8AAA-5DEC3A13B826}.Release|ARM64.ActiveCfg = Release|ARM64
		{DEF8C102-BA38-4DFC-8AAA-5DEC3A13B826}.Release|ARM64.Build.0 = Release|ARM64
		{DEF8C102-BA38-4DFC-8AAA-5DEC3A13B826}.Release|x64.ActiveCfg = Release|x64
		{DEF8C102-BA38-4DFC-8AAA-5DEC3A13B826}.Release|x64.Build.0 = Release|x64
		{DEF8C102-BA38-4DFC-8AAA-5DEC3A13B826}.Release|x86.ActiveCfg = Release|x86
		{DEF8C102-BA38-4DFC-8AAA-5DEC3A13B826}.Release|x86.Build.0 = Release|x86
		{9FE7BA65-D057-4804-84C0-34AA7CE6A2D0}.Debug|ARM.ActiveCfg = Debug|ARM
		{9FE7BA65-D057-4804-84C0-34AA7CE6A2D0}.Debug|ARM.Build.0 = Debug|ARM
		{9FE7BA65-D057-4804-84C0-34AA7CE6A2D0}.Debug|ARM64.ActiveCfg = Debug|ARM64
		{9FE7BA65-D057-4804-84C0-34AA7CE6A2D0}.Debug|ARM64.Build.0 = Debug|ARM64
		{9FE7BA65-D057-4804-84C0-34AA7CE6A2D0}.Debug|x64.ActiveCfg = Debug|x64
		{9FE7BA65-D057-4804-84C0-34AA7CE6A2D0}.Debug|x64.Build.0 = Debug|x64
		{9FE7BA65-D057-4804-84C0-34AA7CE6A2D0}.Debug|x86.ActiveCfg = Debug|x86
		{9FE7BA65-D057-4804-84C0-34AA7CE6A2D0}.Debug|x86.Build.0 = Debug|x86
		{9FE7BA65-D057-4804-84C0-34AA7CE6A2D0}.Dist|ARM.ActiveCfg = Debug|ARM
		{9FE7BA65-D057-4804-84C0-34AA7CE6A2D0}.Dist|ARM.Build.0 = Debug|ARM
		{9FE7BA65-D057-4804-84C0-34AA7CE6A2D0}.Dist|ARM64.ActiveCfg = Debug|ARM64
		{9FE7BA65-D057-4804-84C0-34AA7CE6A2D0}.Dist|ARM64.Build.0 = Debug|ARM64
		{9FE7BA65-D057-4804-84C0-34AA7CE6A2D0}.Dist|x64.ActiveCfg = Debug|x64
		{9FE7BA65-D057-4804-84C0-34AA7CE6A2D0}.Dist|x64.Build.0 = Debug|x64
		{9FE7BA65-D057-4804-84C0-34AA7CE6A2D0}.Dist|x86.ActiveCfg = Debug|x86
		{9FE7BA65-D057-4804-84C0-34AA7CE6A2D0}.Dist|x86.Build.0 = Debug|x86
		{9FE7BA65-D057-4804-84C0-34AA7CE6A2D0}.Release|ARM.ActiveCfg = Release|ARM
		{9FE7BA65-D057-4804-84C0-34AA7CE6A2D0}.Release|ARM.Build.0 = Release|ARM
		{9FE7BA65-D057-4804-84C0-34AA7CE6A2D0}.Release|ARM64.ActiveCfg = Release|ARM64
		{9FE7BA65-D057-4804-84C0-34AA7CE6A2D0}.Release|ARM64.Build.0 = Release|ARM64
		{9FE7BA65-D057-4804-84C0-34AA7CE6A2D0}.Release|x64.ActiveCfg = Release|x64
		{9FE7BA65-D057-4804-84C0-34AA7CE6A2D0}.Release|x64.Build.0 = Release|x64
		{9FE7BA65-D057-4804-84C0-34AA7CE6A2D0}.Release|x86.ActiveCfg = Release|x86
		{9FE7BA65-D057-4804-84C0-34AA7CE6A2D0}.Release|x86.Build.0 = Release|x86
		{950CF702-C9F5-4908-AB28-3EBEFC5F8219}.Debug|ARM.ActiveCfg = Debug|ARM
		{950CF702-C9F5-4908-AB28-3EBEFC5F8219}.Debug|ARM.Build.0 = Debug|ARM
		{950CF702-C9F5-4908-AB28-3EBEFC5F8219}.Debug|ARM64.ActiveCfg = Debug|ARM64
		{950CF702-C9F5-4908-AB28-3EBEFC5F8219}.Debug|ARM64.Build.0 = Debug|ARM64
		{950CF702-C9F5-4908-AB28-3EBEFC5F8219}.Debug|x64.ActiveCfg = Debug|x64
		{950CF702-C9F5-4908-AB28-3EBEFC5F8219}.Debug|x64.Build.0 = Debug|x64
		{950CF702-C9F5-4908-AB28-3EBEFC5F8219}.Debug|x86.ActiveCfg = Debug|x86
		{950CF702-C9F5-4908-AB28-3EBEFC5F8219}.Debug|x86.Build.0 = Debug|x86
		{950CF702-C9F5-4908-AB28-3EBEFC5F8219}.Dist|ARM.ActiveCfg = Debug|ARM
		{950CF702-C9F5-4908-AB28-3EBEFC5F8219}.Dist|ARM.Build.0 = Debug|ARM
		{950CF702-C9F5-4908-AB28-3EBEFC5F8219}.Dist|ARM64.ActiveCfg = Debug|ARM64
		{950CF702-C9F5-4908-AB28-3EBEFC5F8219}.Dist|ARM64.Build.0 = Debug|ARM64
		{950CF702-C9F5-4908-AB28-3EBEFC5F8219}.Dist|x64.ActiveCfg = Debug|x64
		{950CF702-C9F5-4908-AB28-3EBEFC5F8219}.Dist|x64.Build.0 = Debug|x64
		{950CF702-C9F5-4908-AB28-3EBEFC5F8219}.Dist|x86.ActiveCfg = Debug|x86
		{950CF702-C9F5-4908-AB28-3EBEFC5F8219}.Dist|x86.Build.0 = Debug|x86
		{950CF702-C9F5-4908-AB28-3EBEFC5F8219}.Release|ARM.ActiveCfg = Release|ARM
		{950CF702-C9F5-4908-AB28-3EBEFC5F8219}.Release|ARM.Build.0 = Release|ARM
		{950CF702-C9F5-4908-AB28-3EBEFC5F8219}.Release|ARM64.ActiveCfg = Release|ARM64
		{950CF702-C9F5-4908-AB28-3EBEFC5F8219}.Release|ARM64.Build.0 = Release|ARM64
		{950CF702-C9F5-4908-AB28-3EBEFC5F8219}.Release|x64.ActiveCfg = Release|x64
		{950CF702-C9F5-4908-AB28-3EBEFC5F8219}.Release|x64.Build.0 = Release|x64
		{950CF702-C9F5-4908-AB28-3EBEFC5F8219}.Release|x86.ActiveCfg = Release|x86
		{950CF702-C9F5-4908-AB28-3EBEFC5F8219}.Release|x86.Build.0 = Release|x86
		{CF5CC0C6-C7D4-41B8-A134-1E515E8A2996}.Debug|ARM.ActiveCfg = Debug|ARM
		{CF5CC0C6-C7D4-41B8-A134-1E515E8A2996}.Debug|ARM.Build.0 = Debug|ARM
		{CF5CC0C6-C7D4-41B8-A134-1E515E8A2996}.Debug|ARM64.ActiveCfg = Debug|ARM64
		{CF5CC0C6-C7D4-41B8-A134-1E515E8A2996}.Debug|ARM64.Build.0 = Debug|ARM64
		{CF5CC0C6-C7D4-41B8-A134-1E515E8A2996}.Debug|x64.ActiveCfg = Debug|x64
		{CF5CC0C6-C7D4-41B8-A134-1E515E8A2996}.Debug|x64.Build.0 = Debug|x64
		{CF5CC0C6-C7D4-41B8-A134-1E515E8A2996}.Debug|x86.ActiveCfg = Debug|x86
		{CF5CC0C6-C7D4-41B8-A134-1E515E8A2996}.Debug|x86.Build.0 = Debug|x86
		{CF5CC0C6-C7D4-41B8-A134-1E515E8A2996}.Dist|ARM.ActiveCfg = Debug|ARM
		{CF5CC0C6-C7D4-41B8-A134-1E515E8A2996}.Dist|ARM.Build.0 = Debug|ARM
		{CF5CC0C6-C7D4-41B8-A134-1E515E8A2996}.Dist|ARM64.ActiveCfg = Debug|ARM64
		{CF5CC0C6-C7D4-41B8-A134-1E515E8A2996}.Dist|ARM64.Build.0 = Debug|ARM64
		{CF5CC0C6-C7D4-41B8-A134-1E515E8A2996}.Dist|x64.ActiveCfg = Debug|x64
		{CF5CC0C6-C7D4-41B8-A134-1E515E8A2996}.Dist|x64.Build.0 = Debug|x64
		{CF5CC0C6-C7D4-41B8-A134-1E515E8A2996}.Dist|x86.ActiveCfg = Debug|x86
		{CF5CC0C6-C7D4-41B8-A134-1E515E8A2996}.Dist|x86.Build.0 = Debug|x86
		{CF5CC0C6-C7D4-41B8-A134-1E515E8A2996}.Release|ARM.ActiveCfg = Release|ARM
		{CF5CC0C6-C7D4-41B8-A134-1E515E8A2996}.Release|ARM.Build.0 = Release|ARM
		{CF5CC0C6-C7D4-41B8-A134-1E515E8A2996}.Release|ARM64.ActiveCfg = Release|ARM64
		{CF5CC0C6-C7D4-41B8-A134-1E515E8A2996}.Release|ARM64.Build.0 = Release|ARM64
		{CF5CC0C6-C7D4-41B8-A134-1E515E8A2996}.Release|x64.ActiveCfg = Release|x64
		{CF5CC0C6-C7D4-41B8-A134-1E515E8A2996}.Release|x64.Build.0 = Release|x64
		{CF5CC0C6-C7D4-41B8-A134-1E515E8A2996}.Release|x86.ActiveCfg = Release|x86
		{CF5CC0C6-C7D4-41B8-A134-1E515E8A2996}.Release|x86.Build.0 = Release|x86
		{EBBE5CD8-ECF3-4438-A1EA-2FF3653E90D6}.Debug|ARM.ActiveCfg = Debug|ARM
		{EBBE5CD8-ECF3-4438-A1EA-2FF3653E90D6}.Debug|ARM.Build.0 = Debug|ARM
		{EBBE5CD8-ECF3-4438-A1EA-2FF3653E90D6}.Debug|ARM64.ActiveCfg = Debug|ARM64
		{EBBE5CD8-ECF3-4438-A1EA-2FF3653E90D6}.Debug|ARM64.Build.0 = Debug|ARM64
		{EBBE5CD8-ECF3-4438-A1EA-2FF3653E90D6}.Debug|x64.ActiveCfg = Debug|x64
		{EBBE5CD8-ECF3-4438-A1EA-2FF3653E90D6}.Debug|x64.Build.0 = Debug|x64
		{EBBE5CD8-ECF3-4438-A1EA-2FF3653E90D6}.Debug|x86.ActiveCfg = Debug|x86
		{EBBE5CD8-ECF3-4438-A1EA-2FF3653E90D6}.Debug|x86.Build.0 = Debug|x86
		{EBBE5CD8-ECF3-4438-A1EA-2FF3653E90D6}.Dist|ARM.ActiveCfg = Debug|ARM
		{EBBE5CD8-ECF3-4438-A1EA-2FF3653E90D6}.Dist|ARM.Build.0 = Debug|ARM
		{EBBE5CD8-ECF3-4438-A1EA-2FF3653E90D6}.Dist|ARM64.ActiveCfg = Debug|ARM64
		{EBBE5CD8-ECF3-4438-A1EA-2FF3653E90D6}.Dist|ARM64.Build.0 = Debug|ARM64
		{EBBE5CD8-ECF3-4438-A1EA-2FF3653E90D6}.Dist|x64.ActiveCfg = Debug|x64
		{EBBE5CD8-ECF3-4438-A1EA-2FF3653E90D6}.Dist|x64.Build.0 = Debug|x64
		{EBBE5CD8-ECF3-4438-A1EA-2FF3653E90D6}.Dist|x86.ActiveCfg = Debug|x86
		{EBBE5CD8-ECF3-4438-A1EA-2FF3653E90D6}.Dist|x86.Build.0 = Debug|x86
		{EBBE5CD8-ECF3-4438-A1EA-2FF3653E90D6}.Release|ARM.ActiveCfg = Release|ARM
		{EBBE5CD8-ECF3-4438-A1EA-2FF3653E90D6}.Release|ARM.Build.0 = Release|ARM
		{EBBE5CD8-ECF3-4438-A1EA-2FF3653E90D6}.Release|ARM64.ActiveCfg = Release|ARM64
		{EBBE5CD8-ECF3-4438-A1EA-2FF3653E90D6}.Release|ARM64.Build.0 = Release|ARM64
		{EBBE5CD8-ECF3-4438-A1EA-2FF3653E90D6}.Release|x64.ActiveCfg = Release|x64
		{EBBE5CD8-ECF3-4438-A1EA-2FF3653E90D6}.Release|x64.Build.0 = Release|x64
		{EBBE5CD8-ECF3-4438-A1EA-2FF3653E90D6}.Release|x86.ActiveCfg = Release|x86
		{EBBE5CD8-ECF3-4438-A1EA-2FF3653E90D6}.Release|x86.Build.0 = Release|x86
		{B7F3A6F1-0359-4427-925D-4A6D1C979B61}.Debug|ARM.ActiveCfg = Debug|ARM
		{B7F3A6F1-0359-4427-925D-4A6D1C979B61}.Debug|ARM.Build.0 = Debug|ARM
		{B7F3A6F1-0359-4427-925D-4A6D1C979B61}.Debug|ARM64.ActiveCfg = Debug|ARM64
		{B7F3A6F1-0359-4427-925D-4A6D1C979B61}.Debug|ARM64.Build.0 = Debug|ARM64
		{B7F3A6F1-0359-4427-925D-4A6D1C979B61}.Debug|x64.ActiveCfg = Debug|x64
		{B7F3A6F1-0359-4427-925D-4A6D1C979B61}.Debug|x64.Build.0 = Debug|x64
		{B7F3A6F1-0359-4427-925D-4A6D1C979B61}.Debug|x86.ActiveCfg = Debug|x86
		{B7F3A6F1-0359-4427-925D-4A6D1C979B61}.Debug|x86.Build.0 = Debug|x86
		{B7F3A6F1-0359-4427-925D-4A6D1C979B61}.Dist|ARM.ActiveCfg = Debug|ARM
		{B7F3A6F1-0359-4427-925D-4A6D1C979B61}.Dist|ARM.Build.0 = Debug|ARM
		{B7F3A6F1-0359-4427-925D-4A6D1C979B61}.Dist|ARM64.ActiveCfg = Debug|ARM64
		{B7F3A6F1-0359-4427-925D-4A6D1C979B61}.Dist|ARM64.Build.0 = Debug|ARM64
		{B7F3A6F1-0359-4427-925D-4A6D1C979B61}.Dist|x64.ActiveCfg = Debug|x64
		{B7F3A6F1-0359-4427-925D-4A6D1C979B61}.Dist|x64.Build.0 = Debug|x64
		{B7F3A6F1-0359-4427-925D-4A6D1C979B61}.Dist|x86.ActiveCfg = Debug|x86
		{B7F3A6F1-0359-4427-925D-4A6D1C979B61}.Dist|x86.Build.0 = Debug|x86
		{B7F3A6F1-0359-4427-925D-4A6D1C979B61}.Release|ARM.ActiveCfg = Release|ARM
		{B7F3A6F1-0359-4427-925D-4A6D1C979B61}.Release|ARM.Build.0 = Release|ARM
		{B7F3A6F1-0359-4427-925D-4A6D1C979B61}.Release|ARM64.ActiveCfg = Release|ARM64
		{B7F3A6F1-0359-4427-925D-4A6D1C979B61}.Release|ARM64.Build.0 = Release|ARM64
		{B7F3A6F1-0359-4427-925D-4A6D1C979B61}.Release|x64.ActiveCfg = Release|x64
		{B7F3A6F1-0359-4427-925D-4A6D1C979B61}.Release|x64.Build.0 = Release|x64
		{B7F3A6F1-0359-4427-925D-4A6D1C979B61}.Release|x86.ActiveCfg = Release|x86
		{B7F3A6F1-0359-4427-925D-4A6D1C979B61}.Release|x86.Build.0 = Release|x86
		{F38408B0-8D17-4D2B-AEB4-5FA30B7F6373}.Debug|ARM.ActiveCfg = Debug|ARM
		{F38408B0-8D17-4D2B-AEB4-5FA30B7F6373}.Debug|ARM.Build.0 = Debug|ARM
		{F38408B0-8D17-4D2B-AEB4-5FA30B7F6373}.Debug|ARM.Deploy.0 = Debug|ARM
		{F38408B0-8D17-4D2B-AEB4-5FA30B7F6373}.Debug|ARM64.ActiveCfg = Debug|ARM64
		{F38408B0-8D17-4D2B-AEB4-5FA30B7F6373}.Debug|ARM64.Build.0 = Debug|ARM64
		{F38408B0-8D17-4D2B-AEB4-5FA30B7F6373}.Debug|ARM64.Deploy.0 = Debug|ARM64
		{F38408B0-8D17-4D2B-AEB4-5FA30B7F6373}.Debug|x64.ActiveCfg = Debug|x64
		{F38408B0-8D17-4D2B-AEB4-5FA30B7F6373}.Debug|x64.Build.0 = Debug|x64
		{F38408B0-8D17-4D2B-AEB4-5FA30B7F6373}.Debug|x64.Deploy.0 = Debug|x64
		{F38408B0-8D17-4D2B-AEB4-5FA30B7F6373}.Debug|x86.ActiveCfg = Debug|x86
		{F38408B0-8D17-4D2B-AEB4-5FA30B7F6373}.Debug|x86.Build.0 = Debug|x86
		{F38408B0-8D17-4D2B-AEB4-5FA30B7F6373}.Debug|x86.Deploy.0 = Debug|x86
		{F38408B0-8D17-4D2B-AEB4-5FA30B7F6373}.Dist|ARM.ActiveCfg = Debug|ARM
		{F38408B0-8D17-4D2B-AEB4-5FA30B7F6373}.Dist|ARM.Build.0 = Debug|ARM
		{F38408B0-8D17-4D2B-AEB4-5FA30B7F6373}.Dist|ARM.Deploy.0 = Debug|ARM
		{F38408B0-8D17-4D2B-AEB4-5FA30B7F6373}.Dist|ARM64.ActiveCfg = Debug|ARM64
		{F38408B0-8D17-4D2B-AEB4-5FA30B7F6373}.Dist|ARM64.Build.0 = Debug|ARM64
		{F38408B0-8D17-4D2B-AEB4-5FA30B7F6373}.Dist|ARM64.Deploy.0 = Debug|ARM64
		{F38408B0-8D17-4D2B-AEB4-5FA30B7F6373}.Dist|x64.ActiveCfg = Debug|x64
		{F38408B0-8D17-4D2B-AEB4-5FA30B7F6373}.Dist|x64.Build.0 = Debug|x64
		{F38408B0-8D17-4D2B-AEB4-5FA30B7F6373}.Dist|x64.Deploy.0 = Debug|x64
		{F38408B0-8D17-4D2B-AEB4-5FA30B7F6373}.Dist|x86.ActiveCfg = Debug|x86
		{F38408B0-8D17-4D2B-AEB4-5FA30B7F6373}.Dist|x86.Build.0 = Debug|x86
		{F38408B0-8D17-4D2B-AEB4-5FA30B7F6373}.Dist|x86.Deploy.0 = Debug|x86
		{F38408B0-8D17-4D2B-AEB4-5FA30B7F6373}.Release|ARM.ActiveCfg = Release|ARM
		{F38408B0-8D17-4D2B-AEB4-5FA30B7F6373}.Release|ARM.Build.0 = Release|ARM
		{F38408B0-8D17-4D2B-AEB4-5FA30B7F6373}.Release|ARM.Deploy.0 = Release|ARM
		{F38408B0-8D17-4D2B-AEB4-5FA30B7F6373}.Release|ARM64.ActiveCfg = Release|ARM64
		{F38408B0-8D17-4D2B-AEB4-5FA30B7F6373}.Release|ARM64.Build.0 = Release|ARM64
		{F38408B0-8D17-4D2B-AEB4-5FA30B7F6373}.Release|ARM64.Deploy.0 = Release|ARM64
		{F38408B0-8D17-4D2B-AEB4-5FA30B7F6373}.Release|x64.ActiveCfg = Release|x64
		{F38408B0-8D17-4D2B-AEB4-5FA30B7F6373}.Release|x64.Build.0 = Release|x64
		{F38408B0-8D17-4D2B-AEB4-5FA30B7F6373}.Release|x64.Deploy.0 = Release|x64
		{F38408B0-8D17-4D2B-AEB4-5FA30B7F6373}.Release|x86.ActiveCfg = Release|x86
		{F38408B0-8D17-4D2B-AEB4-5FA30B7F6373}.Release|x86.Build.0 = Release|x86
		{F38408B0-8D17-4D2B-AEB4-5FA30B7F6373}.Release|x86.Deploy.0 = Release|x86
		{EC2EEA7F-DC33-4100-BA90-27C5F2173D53}.Debug|ARM.ActiveCfg = Debug|ARM
		{EC2EEA7F-DC33-4100-BA90-27C5F2173D53}.Debug|ARM.Build.0 = Debug|ARM
		{EC2EEA7F-DC33-4100-BA90-27C5F2173D53}.Debug|ARM64.ActiveCfg = Debug|ARM64
		{EC2EEA7F-DC33-4100-BA90-27C5F2173D53}.Debug|ARM64.Build.0 = Debug|ARM64
		{EC2EEA7F-DC33-4100-BA90-27C5F2173D53}.Debug|x64.ActiveCfg = Debug|x64
		{EC2EEA7F-DC33-4100-BA90-27C5F2173D53}.Debug|x64.Build.0 = Debug|x64
		{EC2EEA7F-DC33-4100-BA90-27C5F2173D53}.Debug|x86.ActiveCfg = Debug|x86
		{EC2EEA7F-DC33-4100-BA90-27C5F2173D53}.Debug|x86.Build.0 = Debug|x86
		{EC2EEA7F-DC33-4100-BA90-27C5F2173D53}.Dist|ARM.ActiveCfg = Debug|ARM
		{EC2EEA7F-DC33-4100-BA90-27C5F2173D53}.Dist|ARM.Build.0 = Debug|ARM
		{EC2EEA7F-DC33-4100-BA90-27C5F2173D53}.Dist|ARM64.ActiveCfg = Debug|ARM64
		{EC2EEA7F-DC33-4100-BA90-27C5F2173D53}.Dist|ARM64.Build.0 = Debug|ARM64
		{EC2EEA7F-DC33-4100-BA90-27C5F2173D53}.Dist|x64.ActiveCfg = Debug|x64
		{EC2EEA7F-DC33-4100-BA90-27C5F2173D53}.Dist|x64.Build.0 = Debug|x64
		{EC2EEA7F-DC33-4100-BA90-27C5F2173D53}.Dist|x86.ActiveCfg = Debug|x86
		{EC2EEA7F-DC33-4100-BA90-27C5F2173D53}.Dist|x86.Build.0 = Debug|x86
		{EC2EEA7F-DC33-4100-BA90-27C5F2173D53}.Release|ARM.ActiveCfg = Release|ARM
		{EC2EEA7F-DC33-4100-BA90-27C5F2173D53}.Release|ARM.Build.0 = Release|ARM
		{EC2EEA7F-DC33-4100-BA90-27C5F2173D53}.Release|ARM64.ActiveCfg = Release|ARM64
		{EC2EEA7F-DC33-4100-BA90-27C5F2173D53}.Release|ARM64.Build.0 = Release|ARM64
		{EC2EEA7F-DC33-4100-BA90-27C5F2173D53}.Release|x64.ActiveCfg = Release|x64
		{EC2EEA7F-DC33-4100-BA90-27C5F2173D53}.Release|x64.Build.0 = Release|x64
		{EC2EEA7F-DC33-4100-BA90-27C5F2173D53}.Release|x86.ActiveCfg = Release|x86
		{EC2EEA7F-DC33-4100-BA90-27C5F2173D53}.Release|x86.Build.0 = Release|x86
		{AAD1EBD2-3466-4C26-BF29-8D91A55A8FC2}.Debug|ARM.ActiveCfg = Debug|ARM
		{AAD1EBD2-3466-4C26-BF29-8D91A55A8FC2}.Debug|ARM.Build.0 = Debug|ARM
		{AAD1EBD2-3466-4C26-BF29-8D91A55A8FC2}.Debug|ARM64.ActiveCfg = Debug|ARM64
		{AAD1EBD2-3466-4C26-BF29-8D91A55A8FC2}.Debug|ARM64.Build.0 = Debug|ARM64
		{AAD1EBD2-3466-4C26-BF29-8D91A55A8FC2}.Debug|x64.ActiveCfg = Debug|x64
		{AAD1EBD2-3466-4C26-BF29-8D91A55A8FC2}.Debug|x64.Build.0 = Debug|x64
		{AAD1EBD2-3466-4C26-BF29-8D91A55A8FC2}.Debug|x86.ActiveCfg = Debug|x86
		{AAD1EBD2-3466-4C26-BF29-8D91A55A8FC2}.Debug|x86.Build.0 = Debug|x86
		{AAD1EBD2-3466-4C26-BF29-8D91A55A8FC2}.Dist|ARM.ActiveCfg = Debug|ARM
		{AAD1EBD2-3466-4C26-BF29-8D91A55A8FC2}.Dist|ARM.Build.0 = Debug|ARM
		{AAD1EBD2-3466-4C26-BF29-8D91A55A8FC2}.Dist|ARM64.ActiveCfg = Debug|ARM64
		{AAD1EBD2-3466-4C26-BF29-8D91A55A8FC2}.Dist|ARM64.Build.0 = Debug|ARM64
		{AAD1EBD2-3466-4C26-BF29-8D91A55A8FC2}.Dist|x64.ActiveCfg = Debug|x64
		{AAD1EBD2-3466-4C26-BF29-8D91A55A8FC2}.Dist|x64.Build.0 = Debug|x64
		{AAD1EBD2-3466-4C26-BF29-8D91A55A8FC2}.Dist|x86.ActiveCfg = Debug|x86
		{AAD1EBD2-3466-4C26-BF29-8D91A55A8FC2}.Dist|x86.Build.0 = Debug|x86
		{AAD1EBD2-3466-4C26-BF29-8D91A55A8FC2}.Release|ARM.ActiveCfg = Release|ARM
		{AAD1EBD2-3466-4C26-BF29-8D91A55A8FC2}.Release|ARM.Build.0 = Release|ARM
		{AAD1EBD2-3466-4C26-BF29-8D91A55A8FC2}.Release|ARM64.ActiveCfg = Release|ARM64
		{AAD1EBD2-3466-4C26-BF29-8D91A55A8FC2}.Release|ARM64.Build.0 = Release|ARM64
		{AAD1EBD2-3466-4C26-BF29-8D91A55A8FC2}.Release|x64.ActiveCfg = Release|x64
		{AAD1EBD2-3466-4C26-BF29-8D91A55A8FC2}.Release|x64.Build.0 = Release|x64
		{AAD1EBD2-3466-4C26-BF29-8D91A55A8FC2}.Release|x86.ActiveCfg = Release|x86
		{AAD1EBD2-3466-4C26-BF29-8D91A55A8FC2}.Release|x86.Build.0 = Release|x86
		{0C3F57F7-8321-4B84-BACA-996EE2AC2C22}.Debug|ARM.ActiveCfg = Debug|ARM
		{0C3F57F7-8321-4B84-BACA-996EE2AC2C22}.Debug|ARM.Build.0 = Debug|ARM
		{0C3F57F7-8321-4B84-BACA-996EE2AC2C22}.Debug|ARM64.ActiveCfg = Debug|ARM64
		{0C3F57F7-8321-4B84-BACA-996EE2AC2C22}.Debug|ARM64.Build.0 = Debug|ARM64
		{0C3F57F7-8321-4B84-BACA-996EE2AC2C22}.Debug|x64.ActiveCfg = Debug|x64
		{0C3F57F7-8321-4B84-BACA-996EE2AC2C22}.Debug|x64.Build.0 = Debug|x64
		{0C3F57F7-8321-4B84-BACA-996EE2AC2C22}.Debug|x86.ActiveCfg = Debug|x86
		{0C3F57F7-8321-4B84-BACA-996EE2AC2C22}.Debug|x86.Build.0 = Debug|x86
		{0C3F57F7-8321-4B84-BACA-996EE2AC2C22}.Dist|ARM.ActiveCfg = Debug|ARM
		{0C3F57F7-8321-4B84-BACA-996EE2AC2C22}.Dist|ARM.Build.0 = Debug|ARM
		{0C3F57F7-8321-4B84-BACA-996EE2AC2C22}.Dist|ARM64.ActiveCfg = Debug|ARM64
		{0C3F57F7-8321-4B84-BACA-996EE2AC2C22}.Dist|ARM64.Build.0 = Debug|ARM64
		{0C3F57F7-8321-4B84-BACA-996EE2AC2C22}.Dist|x64.ActiveCfg = Debug|x64
		{0C3F57F7-8321-4B84-BACA-996EE2AC2C22}.Dist|x64.Build.0 = Debug|x64
		{0C3F57F7-8321-4B84-BACA-996EE2AC2C22}.Dist|x86.ActiveCfg = Debug|x86
		{0C3F57F7-8321-4B84-BACA-996EE2AC2C22}.Dist|x86.Build.0 = Debug|x86
		{0C3F57F7-8321-4B84-BACA-996EE2AC2C22}.Release|ARM.ActiveCfg = Release|ARM
		{0C3F57F7-8321-4B84-BACA-996EE2AC2C22}.Release|ARM.Build.0 = Release|ARM
		{0C3F57F7-8321-4B84-BACA-996EE2AC2C22}.Release|ARM64.ActiveCfg = Release|ARM64
		{0C3F57F7-8321-4B84-BACA-996EE2AC2C22}.Release|ARM64.Build.0 = Release|ARM64
		{0C3F57F7-8321-4B84-BACA-996EE2AC2C22}.Release|x64.ActiveCfg = Release|x64
		{0C3F57F7-8321-4B84-BACA-996EE2AC2C22}.Release|x64.Build.0 = Release|x64
		{0C3F57F7-8321-4B84-BACA-996EE2AC2C22}.Release|x86.ActiveCfg = Release|x86
		{0C3F57F7-8321-4B84-BACA-996EE2AC2C22}.Release|x86.Build.0 = Release|x86
	EndGlobalSection
	GlobalSection(SolutionProperties) = preSolution
		HideSolutionNode = FALSE
	EndGlobalSection
	GlobalSection(ExtensibilityGlobals) = postSolution
		SolutionGuid = {5F9E227F-8F40-42A4-B967-E23FBBAAD8A3}
	EndGlobalSection
EndGlobal
