<?xml version="1.0" encoding="utf-8"?>
<Project ToolsVersion="4.0" xmlns="http://schemas.microsoft.com/developer/msbuild/2003">
  <ItemGroup>
    <Filter Include="Headers">
      <UniqueIdentifier>{C196CD9C-2D76-4C38-368E-D70EA2ECB299}</UniqueIdentifier>
    </Filter>
    <Filter Include="Sources">
      <UniqueIdentifier>{89565304-F535-D29F-FE4D-5D766AAC3801}</UniqueIdentifier>
    </Filter>
  </ItemGroup>
  <ItemGroup>
    <ClInclude Include="Actor.h">
      <Filter>Headers</Filter>
    </ClInclude>
    <ClInclude Include="AliveEnemyState.h">
      <Filter>Headers</Filter>
    </ClInclude>
    <ClInclude Include="Animation.h">
      <Filter>Headers</Filter>
    </ClInclude>
    <ClInclude Include="AssaultRifle.h">
      <Filter>Headers</Filter>
    </ClInclude>
    <ClInclude Include="Audio.h">
      <Filter>Headers</Filter>
    </ClInclude>
    <ClInclude Include="AutomaticGun.h">
      <Filter>Headers</Filter>
    </ClInclude>
    <ClInclude Include="BFG.h">
      <Filter>Headers</Filter>
    </ClInclude>
    <ClInclude Include="BFGProjectile.h">
      <Filter>Headers</Filter>
    </ClInclude>
    <ClInclude Include="Background.h">
      <Filter>Headers</Filter>
    </ClInclude>
    <ClInclude Include="Bullet.h">
      <Filter>Headers</Filter>
    </ClInclude>
    <ClInclude Include="Character.h">
      <Filter>Headers</Filter>
    </ClInclude>
    <ClInclude Include="CharacterObserver.h">
      <Filter>Headers</Filter>
    </ClInclude>
    <ClInclude Include="Collectable.h">
      <Filter>Headers</Filter>
    </ClInclude>
    <ClInclude Include="ControlsLayer.h">
      <Filter>Headers</Filter>
    </ClInclude>
    <ClInclude Include="CrouchedPlayerState.h">
      <Filter>Headers</Filter>
    </ClInclude>
    <ClInclude Include="EndLayer.h">
      <Filter>Headers</Filter>
    </ClInclude>
    <ClInclude Include="Enemy.h">
      <Filter>Headers</Filter>
    </ClInclude>
    <ClInclude Include="EnemyState.h">
      <Filter>Headers</Filter>
    </ClInclude>
    <ClInclude Include="EnemyStateDead.h">
      <Filter>Headers</Filter>
    </ClInclude>
    <ClInclude Include="FloorSlidingPlayerState.h">
      <Filter>Headers</Filter>
    </ClInclude>
    <ClInclude Include="FokusnoffBottle.h">
      <Filter>Headers</Filter>
    </ClInclude>
    <ClInclude Include="Game.h">
      <Filter>Headers</Filter>
    </ClInclude>
    <ClInclude Include="GameLayer.h">
      <Filter>Headers</Filter>
    </ClInclude>
    <ClInclude Include="Gun.h">
      <Filter>Headers</Filter>
    </ClInclude>
    <ClInclude Include="GunCollectable.h">
      <Filter>Headers</Filter>
    </ClInclude>
    <ClInclude Include="GunFactory.h">
      <Filter>Headers</Filter>
    </ClInclude>
    <ClInclude Include="HUDText.h">
      <Filter>Headers</Filter>
    </ClInclude>
    <ClInclude Include="IdlePlayerState.h">
      <Filter>Headers</Filter>
    </ClInclude>
    <ClInclude Include="InputController.h">
      <Filter>Headers</Filter>
    </ClInclude>
    <ClInclude Include="IntroLayer.h">
      <Filter>Headers</Filter>
    </ClInclude>
    <ClInclude Include="JumpingPlayerState.h">
      <Filter>Headers</Filter>
    </ClInclude>
    <ClInclude Include="Layer.h">
      <Filter>Headers</Filter>
    </ClInclude>
    <ClInclude Include="LevelCompleteLayer.h">
      <Filter>Headers</Filter>
    </ClInclude>
    <ClInclude Include="MP3Audio.h">
      <Filter>Headers</Filter>
    </ClInclude>
    <ClInclude Include="MachineGun.h">
      <Filter>Headers</Filter>
    </ClInclude>
    <ClInclude Include="Medkit.h">
      <Filter>Headers</Filter>
    </ClInclude>
    <ClInclude Include="MenuLayer.h">
      <Filter>Headers</Filter>
    </ClInclude>
    <ClInclude Include="OnAirPlayerState.h">
      <Filter>Headers</Filter>
    </ClInclude>
    <ClInclude Include="Pellet.h">
      <Filter>Headers</Filter>
    </ClInclude>
    <ClInclude Include="Pistol.h">
      <Filter>Headers</Filter>
    </ClInclude>
    <ClInclude Include="Player.h">
      <Filter>Headers</Filter>
    </ClInclude>
    <ClInclude Include="PlayerState.h">
      <Filter>Headers</Filter>
    </ClInclude>
    <ClInclude Include="PlayerStateDead.h">
      <Filter>Headers</Filter>
    </ClInclude>
    <ClInclude Include="Projectile.h">
      <Filter>Headers</Filter>
    </ClInclude>
    <ClInclude Include="RicochetBullet.h">
      <Filter>Headers</Filter>
    </ClInclude>
    <ClInclude Include="RicochetGun.h">
      <Filter>Headers</Filter>
    </ClInclude>
    <ClInclude Include="RunningPlayerState.h">
      <Filter>Headers</Filter>
    </ClInclude>
    <ClInclude Include="SMG.h">
      <Filter>Headers</Filter>
    </ClInclude>
    <ClInclude Include="Shotgun.h">
      <Filter>Headers</Filter>
    </ClInclude>
    <ClInclude Include="ShotgunShell.h">
      <Filter>Headers</Filter>
    </ClInclude>
    <ClInclude Include="SniperBullet.h">
      <Filter>Headers</Filter>
    </ClInclude>
    <ClInclude Include="SniperRifle.h">
      <Filter>Headers</Filter>
    </ClInclude>
    <ClInclude Include="Space.h">
      <Filter>Headers</Filter>
    </ClInclude>
    <ClInclude Include="StartingFloorSlidePlayerState.h">
      <Filter>Headers</Filter>
    </ClInclude>
    <ClInclude Include="TMXLoader.h">
      <Filter>Headers</Filter>
    </ClInclude>
    <ClInclude Include="Text.h">
      <Filter>Headers</Filter>
    </ClInclude>
    <ClInclude Include="Tile.h">
      <Filter>Headers</Filter>
    </ClInclude>
    <ClInclude Include="WAVAudio.h">
      <Filter>Headers</Filter>
    </ClInclude>
    <ClInclude Include="WallJumpingPlayerState.h">
      <Filter>Headers</Filter>
    </ClInclude>
    <ClInclude Include="WallSlidingPlayerState.h">
      <Filter>Headers</Filter>
    </ClInclude>
    <ClInclude Include="tinyxml2.h" />
  </ItemGroup>
  <ItemGroup>
    <ClCompile Include="Actor.cpp">
      <Filter>Sources</Filter>
    </ClCompile>
    <ClCompile Include="AliveEnemyState.cpp">
      <Filter>Sources</Filter>
    </ClCompile>
    <ClCompile Include="Animation.cpp">
      <Filter>Sources</Filter>
    </ClCompile>
    <ClCompile Include="AssaultRifle.cpp">
      <Filter>Sources</Filter>
    </ClCompile>
    <ClCompile Include="Audio.cpp">
      <Filter>Sources</Filter>
    </ClCompile>
    <ClCompile Include="AutomaticGun.cpp">
      <Filter>Sources</Filter>
    </ClCompile>
    <ClCompile Include="BFG.cpp">
      <Filter>Sources</Filter>
    </ClCompile>
    <ClCompile Include="BFGProjectile.cpp">
      <Filter>Sources</Filter>
    </ClCompile>
    <ClCompile Include="Background.cpp">
      <Filter>Sources</Filter>
    </ClCompile>
    <ClCompile Include="Bullet.cpp">
      <Filter>Sources</Filter>
    </ClCompile>
    <ClCompile Include="Character.cpp">
      <Filter>Sources</Filter>
    </ClCompile>
    <ClCompile Include="CharacterObserver.cpp">
      <Filter>Sources</Filter>
    </ClCompile>
    <ClCompile Include="Collectable.cpp">
      <Filter>Sources</Filter>
    </ClCompile>
    <ClCompile Include="ControlsLayer.cpp">
      <Filter>Sources</Filter>
    </ClCompile>
    <ClCompile Include="CrouchedPlayerState.cpp">
      <Filter>Sources</Filter>
    </ClCompile>
    <ClCompile Include="EndLayer.cpp">
      <Filter>Sources</Filter>
    </ClCompile>
    <ClCompile Include="Enemy.cpp">
      <Filter>Sources</Filter>
    </ClCompile>
    <ClCompile Include="EnemyState.cpp">
      <Filter>Sources</Filter>
    </ClCompile>
    <ClCompile Include="EnemyStateDead.cpp">
      <Filter>Sources</Filter>
    </ClCompile>
    <ClCompile Include="FloorSlidingPlayerState.cpp">
      <Filter>Sources</Filter>
    </ClCompile>
    <ClCompile Include="FokusnoffBottle.cpp">
      <Filter>Sources</Filter>
    </ClCompile>
    <ClCompile Include="Game.cpp">
      <Filter>Sources</Filter>
    </ClCompile>
    <ClCompile Include="GameLayer.cpp">
      <Filter>Sources</Filter>
    </ClCompile>
    <ClCompile Include="Gun.cpp">
      <Filter>Sources</Filter>
    </ClCompile>
    <ClCompile Include="GunCollectable.cpp">
      <Filter>Sources</Filter>
    </ClCompile>
    <ClCompile Include="GunFactory.cpp">
      <Filter>Sources</Filter>
    </ClCompile>
    <ClCompile Include="HUDText.cpp">
      <Filter>Sources</Filter>
    </ClCompile>
    <ClCompile Include="IdlePlayerState.cpp">
      <Filter>Sources</Filter>
    </ClCompile>
    <ClCompile Include="InputController.cpp">
      <Filter>Sources</Filter>
    </ClCompile>
    <ClCompile Include="IntroLayer.cpp">
      <Filter>Sources</Filter>
    </ClCompile>
    <ClCompile Include="JumpingPlayerState.cpp">
      <Filter>Sources</Filter>
    </ClCompile>
    <ClCompile Include="Layer.cpp">
      <Filter>Sources</Filter>
    </ClCompile>
    <ClCompile Include="LevelCompleteLayer.cpp">
      <Filter>Sources</Filter>
    </ClCompile>
    <ClCompile Include="MP3Audio.cpp">
      <Filter>Sources</Filter>
    </ClCompile>
    <ClCompile Include="MachineGun.cpp">
      <Filter>Sources</Filter>
    </ClCompile>
    <ClCompile Include="Main.cpp">
      <Filter>Sources</Filter>
    </ClCompile>
    <ClCompile Include="Medkit.cpp">
      <Filter>Sources</Filter>
    </ClCompile>
    <ClCompile Include="MenuLayer.cpp">
      <Filter>Sources</Filter>
    </ClCompile>
    <ClCompile Include="OnAirPlayerState.cpp">
      <Filter>Sources</Filter>
    </ClCompile>
    <ClCompile Include="Pellet.cpp">
      <Filter>Sources</Filter>
    </ClCompile>
    <ClCompile Include="Pistol.cpp">
      <Filter>Sources</Filter>
    </ClCompile>
    <ClCompile Include="Player.cpp">
      <Filter>Sources</Filter>
    </ClCompile>
    <ClCompile Include="PlayerState.cpp">
      <Filter>Sources</Filter>
    </ClCompile>
    <ClCompile Include="PlayerStateDead.cpp">
      <Filter>Sources</Filter>
    </ClCompile>
    <ClCompile Include="Projectile.cpp">
      <Filter>Sources</Filter>
    </ClCompile>
    <ClCompile Include="RicochetBullet.cpp">
      <Filter>Sources</Filter>
    </ClCompile>
    <ClCompile Include="RicochetGun.cpp">
      <Filter>Sources</Filter>
    </ClCompile>
    <ClCompile Include="RunningPlayerState.cpp">
      <Filter>Sources</Filter>
    </ClCompile>
    <ClCompile Include="SMG.cpp">
      <Filter>Sources</Filter>
    </ClCompile>
    <ClCompile Include="Shotgun.cpp">
      <Filter>Sources</Filter>
    </ClCompile>
    <ClCompile Include="ShotgunShell.cpp">
      <Filter>Sources</Filter>
    </ClCompile>
    <ClCompile Include="SniperBullet.cpp">
      <Filter>Sources</Filter>
    </ClCompile>
    <ClCompile Include="SniperRifle.cpp">
      <Filter>Sources</Filter>
    </ClCompile>
    <ClCompile Include="Space.cpp">
      <Filter>Sources</Filter>
    </ClCompile>
    <ClCompile Include="StartingFloorSlidePlayerState.cpp">
      <Filter>Sources</Filter>
    </ClCompile>
    <ClCompile Include="TMXLoader.cpp">
      <Filter>Sources</Filter>
    </ClCompile>
    <ClCompile Include="Text.cpp">
      <Filter>Sources</Filter>
    </ClCompile>
    <ClCompile Include="Tile.cpp">
      <Filter>Sources</Filter>
    </ClCompile>
    <ClCompile Include="WAVAudio.cpp">
      <Filter>Sources</Filter>
    </ClCompile>
    <ClCompile Include="WallJumpingPlayerState.cpp">
      <Filter>Sources</Filter>
    </ClCompile>
    <ClCompile Include="WallSlidingPlayerState.cpp">
      <Filter>Sources</Filter>
    </ClCompile>
    <ClCompile Include="tinyxml2.cpp" />
  </ItemGroup>
</Project>