<?xml version="1.0" encoding="utf-8"?>
<Project ToolsVersion="4.0" xmlns="http://schemas.microsoft.com/developer/msbuild/2003">
  <ItemGroup>
    <Filter Include="Headers">
      <UniqueIdentifier>{C196CD9C-2D76-4C38-368E-D70EA2ECB299}</UniqueIdentifier>
    </Filter>
    <Filter Include="Sources">
      <UniqueIdentifier>{89565304-F535-D29F-FE4D-5D766AAC3801}</UniqueIdentifier>
    </Filter>
  </ItemGroup>
  <ItemGroup>
    <ClInclude Include="AnimatedCoin.h">
      <Filter>Headers</Filter>
    </ClInclude>
    <ClInclude Include="AnimatedObject.h">
      <Filter>Headers</Filter>
    </ClInclude>
    <ClInclude Include="AnimatedText.h">
      <Filter>Headers</Filter>
    </ClInclude>
    <ClInclude Include="AnimationsPlayer.h">
      <Filter>Headers</Filter>
    </ClInclude>
    <ClInclude Include="Block.h">
      <Filter>Headers</Filter>
    </ClInclude>
    <ClInclude Include="BonusObject.h">
      <Filter>Headers</Filter>
    </ClInclude>
    <ClInclude Include="Boss.h">
      <Filter>Headers</Filter>
    </ClInclude>
    <ClInclude Include="Bush.h">
      <Filter>Headers</Filter>
    </ClInclude>
    <ClInclude Include="Button.h">
      <Filter>Headers</Filter>
    </ClInclude>
    <ClInclude Include="Camera.h">
      <Filter>Headers</Filter>
    </ClInclude>
    <ClInclude Include="Castle.h">
      <Filter>Headers</Filter>
    </ClInclude>
    <ClInclude Include="CheckPoint.h">
      <Filter>Headers</Filter>
    </ClInclude>
    <ClInclude Include="Cloud.h">
      <Filter>Headers</Filter>
    </ClInclude>
    <ClInclude Include="CloudBombardier.h">
      <Filter>Headers</Filter>
    </ClInclude>
    <ClInclude Include="Coin.h">
      <Filter>Headers</Filter>
    </ClInclude>
    <ClInclude Include="CollisionHandling.h">
      <Filter>Headers</Filter>
    </ClInclude>
    <ClInclude Include="Creature.h">
      <Filter>Headers</Filter>
    </ClInclude>
    <ClInclude Include="CrushedCreature.h">
      <Filter>Headers</Filter>
    </ClInclude>
    <ClInclude Include="CustomSummerDecoration.h">
      <Filter>Headers</Filter>
    </ClInclude>
    <ClInclude Include="CustomWinterDecoration.h">
      <Filter>Headers</Filter>
    </ClInclude>
    <ClInclude Include="DestroyedBombardier.h">
      <Filter>Headers</Filter>
    </ClInclude>
    <ClInclude Include="DestroyedBoss.h">
      <Filter>Headers</Filter>
    </ClInclude>
    <ClInclude Include="DestroyedCreature.h">
      <Filter>Headers</Filter>
    </ClInclude>
    <ClInclude Include="DestroyedFish.h">
      <Filter>Headers</Filter>
    </ClInclude>
    <ClInclude Include="DestroyedTurtle.h">
      <Filter>Headers</Filter>
    </ClInclude>
    <ClInclude Include="Direction.h">
      <Filter>Headers</Filter>
    </ClInclude>
    <ClInclude Include="Explosion.h">
      <Filter>Headers</Filter>
    </ClInclude>
    <ClInclude Include="FileNotLoadedException.h">
      <Filter>Headers</Filter>
    </ClInclude>
    <ClInclude Include="FireBall.h">
      <Filter>Headers</Filter>
    </ClInclude>
    <ClInclude Include="FireMissle.h">
      <Filter>Headers</Filter>
    </ClInclude>
    <ClInclude Include="FireSerpent.h">
      <Filter>Headers</Filter>
    </ClInclude>
    <ClInclude Include="Flag.h">
      <Filter>Headers</Filter>
    </ClInclude>
    <ClInclude Include="Flower.h">
      <Filter>Headers</Filter>
    </ClInclude>
    <ClInclude Include="GameFunctions.h">
      <Filter>Headers</Filter>
    </ClInclude>
    <ClInclude Include="InanimateObject.h">
      <Filter>Headers</Filter>
    </ClInclude>
    <ClInclude Include="IndependentMovingObject.h">
      <Filter>Headers</Filter>
    </ClInclude>
    <ClInclude Include="JumpingFish.h">
      <Filter>Headers</Filter>
    </ClInclude>
    <ClInclude Include="KeyboardController.h">
      <Filter>Headers</Filter>
    </ClInclude>
    <ClInclude Include="Lava.h">
      <Filter>Headers</Filter>
    </ClInclude>
    <ClInclude Include="LayoutStyle.h">
      <Filter>Headers</Filter>
    </ClInclude>
    <ClInclude Include="Level.h">
      <Filter>Headers</Filter>
    </ClInclude>
    <ClInclude Include="MenuManager.h">
      <Filter>Headers</Filter>
    </ClInclude>
    <ClInclude Include="Movement.h">
      <Filter>Headers</Filter>
    </ClInclude>
    <ClInclude Include="MovingObject.h">
      <Filter>Headers</Filter>
    </ClInclude>
    <ClInclude Include="Mushroom.h">
      <Filter>Headers</Filter>
    </ClInclude>
    <ClInclude Include="Plant.h">
      <Filter>Headers</Filter>
    </ClInclude>
    <ClInclude Include="Platform.h">
      <Filter>Headers</Filter>
    </ClInclude>
    <ClInclude Include="Player.h">
      <Filter>Headers</Filter>
    </ClInclude>
    <ClInclude Include="Position.h">
      <Filter>Headers</Filter>
    </ClInclude>
    <ClInclude Include="PreloadingImages.h">
      <Filter>Headers</Filter>
    </ClInclude>
    <ClInclude Include="Princess.h">
      <Filter>Headers</Filter>
    </ClInclude>
    <ClInclude Include="RandomGenerator.h">
      <Filter>Headers</Filter>
    </ClInclude>
    <ClInclude Include="RedTurtle.h">
      <Filter>Headers</Filter>
    </ClInclude>
    <ClInclude Include="Rock.h">
      <Filter>Headers</Filter>
    </ClInclude>
    <ClInclude Include="SDL_Utility.h">
      <Filter>Headers</Filter>
    </ClInclude>
    <ClInclude Include="Screen.h">
      <Filter>Headers</Filter>
    </ClInclude>
    <ClInclude Include="Shards.h">
      <Filter>Headers</Filter>
    </ClInclude>
    <ClInclude Include="Shell.h">
      <Filter>Headers</Filter>
    </ClInclude>
    <ClInclude Include="Size.h">
      <Filter>Headers</Filter>
    </ClInclude>
    <ClInclude Include="Snowflake.h">
      <Filter>Headers</Filter>
    </ClInclude>
    <ClInclude Include="SoundController.h">
      <Filter>Headers</Filter>
    </ClInclude>
    <ClInclude Include="Star.h">
      <Filter>Headers</Filter>
    </ClInclude>
    <ClInclude Include="TemporaryObject.h">
      <Filter>Headers</Filter>
    </ClInclude>
    <ClInclude Include="Turtle.h">
      <Filter>Headers</Filter>
    </ClInclude>
    <ClInclude Include="UtilityFunctions.h">
      <Filter>Headers</Filter>
    </ClInclude>
    <ClInclude Include="World.h">
      <Filter>Headers</Filter>
    </ClInclude>
    <ClInclude Include="WorldInteractionFunctions.h">
      <Filter>Headers</Filter>
    </ClInclude>
    <ClInclude Include="WorldObject.h">
      <Filter>Headers</Filter>
    </ClInclude>
  </ItemGroup>
  <ItemGroup>
    <ClCompile Include="AnimatedCoin.cpp">
      <Filter>Sources</Filter>
    </ClCompile>
    <ClCompile Include="AnimatedObject.cpp">
      <Filter>Sources</Filter>
    </ClCompile>
    <ClCompile Include="AnimatedText.cpp">
      <Filter>Sources</Filter>
    </ClCompile>
    <ClCompile Include="AnimationsPlayer.cpp">
      <Filter>Sources</Filter>
    </ClCompile>
    <ClCompile Include="Block.cpp">
      <Filter>Sources</Filter>
    </ClCompile>
    <ClCompile Include="BonusObject.cpp">
      <Filter>Sources</Filter>
    </ClCompile>
    <ClCompile Include="Boss.cpp">
      <Filter>Sources</Filter>
    </ClCompile>
    <ClCompile Include="Bush.cpp">
      <Filter>Sources</Filter>
    </ClCompile>
    <ClCompile Include="Button.cpp">
      <Filter>Sources</Filter>
    </ClCompile>
    <ClCompile Include="Camera.cpp">
      <Filter>Sources</Filter>
    </ClCompile>
    <ClCompile Include="Castle.cpp">
      <Filter>Sources</Filter>
    </ClCompile>
    <ClCompile Include="CheckPoint.cpp">
      <Filter>Sources</Filter>
    </ClCompile>
    <ClCompile Include="Cloud.cpp">
      <Filter>Sources</Filter>
    </ClCompile>
    <ClCompile Include="CloudBombardier.cpp">
      <Filter>Sources</Filter>
    </ClCompile>
    <ClCompile Include="Coin.cpp">
      <Filter>Sources</Filter>
    </ClCompile>
    <ClCompile Include="CollisionHandling.cpp">
      <Filter>Sources</Filter>
    </ClCompile>
    <ClCompile Include="Creature.cpp">
      <Filter>Sources</Filter>
    </ClCompile>
    <ClCompile Include="CrushedCreature.cpp">
      <Filter>Sources</Filter>
    </ClCompile>
    <ClCompile Include="CustomSummerDecoration.cpp">
      <Filter>Sources</Filter>
    </ClCompile>
    <ClCompile Include="CustomWinterDecoration.cpp">
      <Filter>Sources</Filter>
    </ClCompile>
    <ClCompile Include="DestroyedBombardier.cpp">
      <Filter>Sources</Filter>
    </ClCompile>
    <ClCompile Include="DestroyedBoss.cpp">
      <Filter>Sources</Filter>
    </ClCompile>
    <ClCompile Include="DestroyedCreature.cpp">
      <Filter>Sources</Filter>
    </ClCompile>
    <ClCompile Include="DestroyedFish.cpp">
      <Filter>Sources</Filter>
    </ClCompile>
    <ClCompile Include="DestroyedTurtle.cpp">
      <Filter>Sources</Filter>
    </ClCompile>
    <ClCompile Include="Explosion.cpp">
      <Filter>Sources</Filter>
    </ClCompile>
    <ClCompile Include="FileNotLoadedException.cpp">
      <Filter>Sources</Filter>
    </ClCompile>
    <ClCompile Include="FireBall.cpp">
      <Filter>Sources</Filter>
    </ClCompile>
    <ClCompile Include="FireMissle.cpp">
      <Filter>Sources</Filter>
    </ClCompile>
    <ClCompile Include="FireSerpent.cpp">
      <Filter>Sources</Filter>
    </ClCompile>
    <ClCompile Include="Flag.cpp">
      <Filter>Sources</Filter>
    </ClCompile>
    <ClCompile Include="Flower.cpp">
      <Filter>Sources</Filter>
    </ClCompile>
    <ClCompile Include="GameFunctions.cpp">
      <Filter>Sources</Filter>
    </ClCompile>
    <ClCompile Include="InanimateObject.cpp">
      <Filter>Sources</Filter>
    </ClCompile>
    <ClCompile Include="IndependentMovingObject.cpp">
      <Filter>Sources</Filter>
    </ClCompile>
    <ClCompile Include="JumpingFish.cpp">
      <Filter>Sources</Filter>
    </ClCompile>
    <ClCompile Include="KeyboardController.cpp">
      <Filter>Sources</Filter>
    </ClCompile>
    <ClCompile Include="Lava.cpp">
      <Filter>Sources</Filter>
    </ClCompile>
    <ClCompile Include="Level.cpp">
      <Filter>Sources</Filter>
    </ClCompile>
    <ClCompile Include="MenuManager.cpp">
      <Filter>Sources</Filter>
    </ClCompile>
    <ClCompile Include="Movement.cpp">
      <Filter>Sources</Filter>
    </ClCompile>
    <ClCompile Include="MovingObject.cpp">
      <Filter>Sources</Filter>
    </ClCompile>
    <ClCompile Include="Mushroom.cpp">
      <Filter>Sources</Filter>
    </ClCompile>
    <ClCompile Include="Plant.cpp">
      <Filter>Sources</Filter>
    </ClCompile>
    <ClCompile Include="Platform.cpp">
      <Filter>Sources</Filter>
    </ClCompile>
    <ClCompile Include="Player.cpp">
      <Filter>Sources</Filter>
    </ClCompile>
    <ClCompile Include="Position.cpp">
      <Filter>Sources</Filter>
    </ClCompile>
    <ClCompile Include="PreloadingImages.cpp">
      <Filter>Sources</Filter>
    </ClCompile>
    <ClCompile Include="Princess.cpp">
      <Filter>Sources</Filter>
    </ClCompile>
    <ClCompile Include="RedTurtle.cpp">
      <Filter>Sources</Filter>
    </ClCompile>
    <ClCompile Include="Rock.cpp">
      <Filter>Sources</Filter>
    </ClCompile>
    <ClCompile Include="SDL_Utility.cpp">
      <Filter>Sources</Filter>
    </ClCompile>
    <ClCompile Include="Screen.cpp">
      <Filter>Sources</Filter>
    </ClCompile>
    <ClCompile Include="Shards.cpp">
      <Filter>Sources</Filter>
    </ClCompile>
    <ClCompile Include="Shell.cpp">
      <Filter>Sources</Filter>
    </ClCompile>
    <ClCompile Include="Size.cpp">
      <Filter>Sources</Filter>
    </ClCompile>
    <ClCompile Include="Snowflake.cpp">
      <Filter>Sources</Filter>
    </ClCompile>
    <ClCompile Include="SoundController.cpp">
      <Filter>Sources</Filter>
    </ClCompile>
    <ClCompile Include="Star.cpp">
      <Filter>Sources</Filter>
    </ClCompile>
    <ClCompile Include="TemporaryObject.cpp">
      <Filter>Sources</Filter>
    </ClCompile>
    <ClCompile Include="Turtle.cpp">
      <Filter>Sources</Filter>
    </ClCompile>
    <ClCompile Include="UtilityFunctions.cpp">
      <Filter>Sources</Filter>
    </ClCompile>
    <ClCompile Include="World.cpp">
      <Filter>Sources</Filter>
    </ClCompile>
    <ClCompile Include="WorldInteractionFunctions.cpp">
      <Filter>Sources</Filter>
    </ClCompile>
    <ClCompile Include="WorldObject.cpp">
      <Filter>Sources</Filter>
    </ClCompile>
    <ClCompile Include="main.cpp">
      <Filter>Sources</Filter>
    </ClCompile>
  </ItemGroup>
</Project>