<?xml version="1.0" encoding="utf-8"?>
<Project ToolsVersion="4.0" xmlns="http://schemas.microsoft.com/developer/msbuild/2003">
  <ItemGroup>
    <ClInclude Include="..\..\SquareBox\Physics-Collision-Engine\PhysicsCollisionEngine.h" />
    <ClInclude Include="..\..\SquareBox\Physics-Collision-Engine\PhysicsProperties.h" />
    <ClInclude Include="..\..\SquareBox\Physics-Collision-Engine\PhysicsWorld.h" />
  </ItemGroup>
  <ItemGroup>
    <ClCompile Include="..\..\SquareBox\Physics-Collision-Engine\PhysicsProperties.cpp" />
    <ClCompile Include="..\..\SquareBox\Physics-Collision-Engine\PhysicsWorld.cpp" />
  </ItemGroup>
</Project>