<?xml version="1.0" encoding="utf-8"?>
<Project ToolsVersion="4.0" xmlns="http://schemas.microsoft.com/developer/msbuild/2003">
  <ItemGroup>
    <Filter Include="Headers">
      <UniqueIdentifier>{C196CD9C-2D76-4C38-368E-D70EA2ECB299}</UniqueIdentifier>
    </Filter>
    <Filter Include="Sources">
      <UniqueIdentifier>{89565304-F535-D29F-FE4D-5D766AAC3801}</UniqueIdentifier>
    </Filter>
  </ItemGroup>
  <ItemGroup>
    <ClInclude Include="ColorRGBA8.h">
      <Filter>Headers</Filter>
    </ClInclude>
    <ClInclude Include="DebugRenderer.h">
      <Filter>Headers</Filter>
    </ClInclude>
    <ClInclude Include="GLSLProgram.h">
      <Filter>Headers</Filter>
    </ClInclude>
    <ClInclude Include="ParticleBatch.h">
      <Filter>Headers</Filter>
    </ClInclude>
    <ClInclude Include="ParticleEngine.h">
      <Filter>Headers</Filter>
    </ClInclude>
    <ClInclude Include="RenderingEngine.h">
      <Filter>Headers</Filter>
    </ClInclude>
    <ClInclude Include="SpriteBatch.h">
      <Filter>Headers</Filter>
    </ClInclude>
    <ClInclude Include="SpriteFont.h">
      <Filter>Headers</Filter>
    </ClInclude>
    <ClInclude Include="Timing.h">
      <Filter>Headers</Filter>
    </ClInclude>
    <ClInclude Include="Vertex.h">
      <Filter>Headers</Filter>
    </ClInclude>
    <ClInclude Include="Window.h">
      <Filter>Headers</Filter>
    </ClInclude>
  </ItemGroup>
  <ItemGroup>
    <ClCompile Include="DebugRenderer.cpp">
      <Filter>Sources</Filter>
    </ClCompile>
    <ClCompile Include="GLSLProgram.cpp">
      <Filter>Sources</Filter>
    </ClCompile>
    <ClCompile Include="ParticleBatch.cpp">
      <Filter>Sources</Filter>
    </ClCompile>
    <ClCompile Include="ParticleEngine.cpp">
      <Filter>Sources</Filter>
    </ClCompile>
    <ClCompile Include="SpriteBatch.cpp">
      <Filter>Sources</Filter>
    </ClCompile>
    <ClCompile Include="SpriteFont.cpp">
      <Filter>Sources</Filter>
    </ClCompile>
    <ClCompile Include="Timing.cpp">
      <Filter>Sources</Filter>
    </ClCompile>
    <ClCompile Include="Window.cpp">
      <Filter>Sources</Filter>
    </ClCompile>
  </ItemGroup>
</Project>