<?xml version="1.0" encoding="utf-8"?>
<Project ToolsVersion="4.0" xmlns="http://schemas.microsoft.com/developer/msbuild/2003">
  <ItemGroup>
    <ClInclude Include="..\..\SquareBox\SquareBox-SandBox\App.h" />
    <ClInclude Include="..\..\SquareBox\SquareBox-SandBox\First_Screen.h" />
    <ClInclude Include="..\..\SquareBox\SquareBox-SandBox\ScreenIndices.h" />
    <ClInclude Include="..\..\SquareBox\SquareBox-SandBox\Second_Screen.h" />
    <ClInclude Include="..\..\SquareBox\SquareBox-SandBox\Sprite.h" />
  </ItemGroup>
  <ItemGroup>
    <ClCompile Include="..\..\SquareBox\SquareBox-SandBox\App.cpp" />
    <ClCompile Include="..\..\SquareBox\SquareBox-SandBox\First_Screen.cpp" />
    <ClCompile Include="..\..\SquareBox\SquareBox-SandBox\main.cpp" />
    <ClCompile Include="..\..\SquareBox\SquareBox-SandBox\Second_Screen.cpp" />
    <ClCompile Include="..\..\SquareBox\SquareBox-SandBox\Sprite.cpp" />
  </ItemGroup>
</Project>