<?xml version="1.0" encoding="utf-8"?>
<Project ToolsVersion="4.0" xmlns="http://schemas.microsoft.com/developer/msbuild/2003">
  <ItemGroup>
    <ClInclude Include="..\..\SquareBox\Snake-Game\App.h" />
    <ClInclude Include="..\..\SquareBox\Snake-Game\GameLogic.h" />
    <ClInclude Include="..\..\SquareBox\Snake-Game\GameObjects.h" />
    <ClInclude Include="..\..\SquareBox\Snake-Game\GameScreen.h" />
    <ClInclude Include="..\..\SquareBox\Snake-Game\ScreenIndicies.h" />
    <ClInclude Include="..\..\SquareBox\Snake-Game\Snake.h" />
    <ClInclude Include="..\..\SquareBox\Snake-Game\SplashScreen.h" />
    <ClInclude Include="..\..\SquareBox\Snake-Game\Wave.h" />
  </ItemGroup>
  <ItemGroup>
    <ClCompile Include="..\..\SquareBox\Snake-Game\App.cpp" />
    <ClCompile Include="..\..\SquareBox\Snake-Game\GameLogic.cpp" />
    <ClCompile Include="..\..\SquareBox\Snake-Game\GameScreen.cpp" />
    <ClCompile Include="..\..\SquareBox\Snake-Game\main.cpp" />
    <ClCompile Include="..\..\SquareBox\Snake-Game\Snake.cpp" />
    <ClCompile Include="..\..\SquareBox\Snake-Game\SplashScreen.cpp" />
  </ItemGroup>
</Project>