
Microsoft Visual Studio Solution File, Format Version 12.00
# Visual Studio 16
Project("{8BC9CEB8-8B4A-11D0-8D11-00A0C91BC942}") = "SquareBox-SandBox", "SquareBox-SandBox\SquareBox-SandBox.vcxproj", "{BB186E56-272F-6CEC-70A6-F70DDCFB3C74}"
EndProject
Project("{8BC9CEB8-8B4A-11D0-8D11-00A0C91BC942}") = "Empty-Project", "Empty-Project\Empty-Project.vcxproj", "{981A288D-04DB-A3C3-CD15-ED403995E89F}"
EndProject
Project("{8BC9CEB8-8B4A-11D0-8D11-00A0C91BC942}") = "FairWatt", "FairWatt\FairWatt.vcxproj", "{2779B23D-1346-0D49-3C5F-FBF0288B42D7}"
EndProject
Project("{8BC9CEB8-8B4A-11D0-8D11-00A0C91BC942}") = "Galaga-Game", "Galaga-Game\Galaga-Game.vcxproj", "{691FDCF7-D5D4-54ED-5EC9-4EC4CA7D4BF1}"
EndProject
Project("{8BC9CEB8-8B4A-11D0-8D11-00A0C91BC942}") = "Lua-Scripted", "Lua-Scripted\Lua-Scripted.vcxproj", "{323CD745-1E9F-66EA-C724-9FA0B366326D}"
EndProject
Project("{8BC9CEB8-8B4A-11D0-8D11-00A0C91BC942}") = "Mean-While-In-Russia-Game", "Mean-While-In-Russia-Game\Mean-While-In-Russia-Game.vcxproj", "{5B2429FE-C7E6-5C88-1097-EB147C983566}"
EndProject
Project("{8BC9CEB8-8B4A-11D0-8D11-00A0C91BC942}") = "Platformer", "Platformer\Platformer.vcxproj", "{2147D7F9-0DFF-1847-7606-F2A262DDB337}"
EndProject
Project("{8BC9CEB8-8B4A-11D0-8D11-00A0C91BC942}") = "Snake-Game", "Snake-Game\Snake-Game.vcxproj", "{7E790C33-6A31-4E80-D338-27DCBF0FE970}"
EndProject
Project("{8BC9CEB8-8B4A-11D0-8D11-00A0C91BC942}") = "SquareBox-Editor", "SquareBox-Editor\SquareBox-Editor.vcxproj", "{9338A6D2-7F31-C524-A863-AAA994BBA430}"
EndProject
Project("{8BC9CEB8-8B4A-11D0-8D11-00A0C91BC942}") = "SquareBox-Examples", "SquareBox-Examples\SquareBox-Examples.vcxproj", "{2BF87B05-17DC-3C5B-803C-37AE6C3F27DD}"
EndProject
Project("{8BC9CEB8-8B4A-11D0-8D11-00A0C91BC942}") = "Super-Mario-Game", "Super-Mario-Game\Super-Mario-Game.vcxproj", "{400E7BF5-2C07-9A47-5539-7FCC41917953}"
EndProject
Project("{8BC9CEB8-8B4A-11D0-8D11-00A0C91BC942}") = "Wenova-Game", "Wenova-Game\Wenova-Game.vcxproj", "{9CCD0DB5-0883-86AA-9177-8081FD2B7DAE}"
EndProject
Project("{8BC9CEB8-8B4A-11D0-8D11-00A0C91BC942}") = "Zombie-Game", "Zombie-Game\Zombie-Game.vcxproj", "{F2E4581A-5E9A-D10F-E78E-CBE65343C813}"
EndProject
Global
	GlobalSection(SolutionConfigurationPlatforms) = preSolution
		Debug|Win32 = Debug|Win32
		Debug|x64 = Debug|x64
		Dist|Win32 = Dist|Win32
		Dist|x64 = Dist|x64
		Release|Win32 = Release|Win32
		Release|x64 = Release|x64
	EndGlobalSection
	GlobalSection(ProjectConfigurationPlatforms) = postSolution
		{BB186E56-272F-6CEC-70A6-F70DDCFB3C74}.Debug|Win32.ActiveCfg = Debug|Win32
		{BB186E56-272F-6CEC-70A6-F70DDCFB3C74}.Debug|Win32.Build.0 = Debug|Win32
		{BB186E56-272F-6CEC-70A6-F70DDCFB3C74}.Debug|x64.ActiveCfg = Debug|x64
		{BB186E56-272F-6CEC-70A6-F70DDCFB3C74}.Debug|x64.Build.0 = Debug|x64
		{BB186E56-272F-6CEC-70A6-F70DDCFB3C74}.Dist|Win32.ActiveCfg = Dist|Win32
		{BB186E56-272F-6CEC-70A6-F70DDCFB3C74}.Dist|Win32.Build.0 = Dist|Win32
		{BB186E56-272F-6CEC-70A6-F70DDCFB3C74}.Dist|x64.ActiveCfg = Dist|x64
		{BB186E56-272F-6CEC-70A6-F70DDCFB3C74}.Dist|x64.Build.0 = Dist|x64
		{BB186E56-272F-6CEC-70A6-F70DDCFB3C74}.Release|Win32.ActiveCfg = Release|Win32
		{BB186E56-272F-6CEC-70A6-F70DDCFB3C74}.Release|Win32.Build.0 = Release|Win32
		{BB186E56-272F-6CEC-70A6-F70DDCFB3C74}.Release|x64.ActiveCfg = Release|x64
		{BB186E56-272F-6CEC-70A6-F70DDCFB3C74}.Release|x64.Build.0 = Release|x64
		{981A288D-04DB-A3C3-CD15-ED403995E89F}.Debug|Win32.ActiveCfg = Debug|Win32
		{981A288D-04DB-A3C3-CD15-ED403995E89F}.Debug|Win32.Build.0 = Debug|Win32
		{981A288D-04DB-A3C3-CD15-ED403995E89F}.Debug|x64.ActiveCfg = Debug|x64
		{981A288D-04DB-A3C3-CD15-ED403995E89F}.Debug|x64.Build.0 = Debug|x64
		{981A288D-04DB-A3C3-CD15-ED403995E89F}.Dist|Win32.ActiveCfg = Dist|Win32
		{981A288D-04DB-A3C3-CD15-ED403995E89F}.Dist|Win32.Build.0 = Dist|Win32
		{981A288D-04DB-A3C3-CD15-ED403995E89F}.Dist|x64.ActiveCfg = Dist|x64
		{981A288D-04DB-A3C3-CD15-ED403995E89F}.Dist|x64.Build.0 = Dist|x64
		{981A288D-04DB-A3C3-CD15-ED403995E89F}.Release|Win32.ActiveCfg = Release|Win32
		{981A288D-04DB-A3C3-CD15-ED403995E89F}.Release|Win32.Build.0 = Release|Win32
		{981A288D-04DB-A3C3-CD15-ED403995E89F}.Release|x64.ActiveCfg = Release|x64
		{981A288D-04DB-A3C3-CD15-ED403995E89F}.Release|x64.Build.0 = Release|x64
		{2779B23D-1346-0D49-3C5F-FBF0288B42D7}.Debug|Win32.ActiveCfg = Debug|Win32
		{2779B23D-1346-0D49-3C5F-FBF0288B42D7}.Debug|Win32.Build.0 = Debug|Win32
		{2779B23D-1346-0D49-3C5F-FBF0288B42D7}.Debug|x64.ActiveCfg = Debug|x64
		{2779B23D-1346-0D49-3C5F-FBF0288B42D7}.Debug|x64.Build.0 = Debug|x64
		{2779B23D-1346-0D49-3C5F-FBF0288B42D7}.Dist|Win32.ActiveCfg = Dist|Win32
		{2779B23D-1346-0D49-3C5F-FBF0288B42D7}.Dist|Win32.Build.0 = Dist|Win32
		{2779B23D-1346-0D49-3C5F-FBF0288B42D7}.Dist|x64.ActiveCfg = Dist|x64
		{2779B23D-1346-0D49-3C5F-FBF0288B42D7}.Dist|x64.Build.0 = Dist|x64
		{2779B23D-1346-0D49-3C5F-FBF0288B42D7}.Release|Win32.ActiveCfg = Release|Win32
		{2779B23D-1346-0D49-3C5F-FBF0288B42D7}.Release|Win32.Build.0 = Release|Win32
		{2779B23D-1346-0D49-3C5F-FBF0288B42D7}.Release|x64.ActiveCfg = Release|x64
		{2779B23D-1346-0D49-3C5F-FBF0288B42D7}.Release|x64.Build.0 = Release|x64
		{691FDCF7-D5D4-54ED-5EC9-4EC4CA7D4BF1}.Debug|Win32.ActiveCfg = Debug|Win32
		{691FDCF7-D5D4-54ED-5EC9-4EC4CA7D4BF1}.Debug|Win32.Build.0 = Debug|Win32
		{691FDCF7-D5D4-54ED-5EC9-4EC4CA7D4BF1}.Debug|x64.ActiveCfg = Debug|x64
		{691FDCF7-D5D4-54ED-5EC9-4EC4CA7D4BF1}.Debug|x64.Build.0 = Debug|x64
		{691FDCF7-D5D4-54ED-5EC9-4EC4CA7D4BF1}.Dist|Win32.ActiveCfg = Dist|Win32
		{691FDCF7-D5D4-54ED-5EC9-4EC4CA7D4BF1}.Dist|Win32.Build.0 = Dist|Win32
		{691FDCF7-D5D4-54ED-5EC9-4EC4CA7D4BF1}.Dist|x64.ActiveCfg = Dist|x64
		{691FDCF7-D5D4-54ED-5EC9-4EC4CA7D4BF1}.Dist|x64.Build.0 = Dist|x64
		{691FDCF7-D5D4-54ED-5EC9-4EC4CA7D4BF1}.Release|Win32.ActiveCfg = Release|Win32
		{691FDCF7-D5D4-54ED-5EC9-4EC4CA7D4BF1}.Release|Win32.Build.0 = Release|Win32
		{691FDCF7-D5D4-54ED-5EC9-4EC4CA7D4BF1}.Release|x64.ActiveCfg = Release|x64
		{691FDCF7-D5D4-54ED-5EC9-4EC4CA7D4BF1}.Release|x64.Build.0 = Release|x64
		{323CD745-1E9F-66EA-C724-9FA0B366326D}.Debug|Win32.ActiveCfg = Debug|Win32
		{323CD745-1E9F-66EA-C724-9FA0B366326D}.Debug|Win32.Build.0 = Debug|Win32
		{323CD745-1E9F-66EA-C724-9FA0B366326D}.Debug|x64.ActiveCfg = Debug|x64
		{323CD745-1E9F-66EA-C724-9FA0B366326D}.Debug|x64.Build.0 = Debug|x64
		{323CD745-1E9F-66EA-C724-9FA0B366326D}.Dist|Win32.ActiveCfg = Dist|Win32
		{323CD745-1E9F-66EA-C724-9FA0B366326D}.Dist|Win32.Build.0 = Dist|Win32
		{323CD745-1E9F-66EA-C724-9FA0B366326D}.Dist|x64.ActiveCfg = Dist|x64
		{323CD745-1E9F-66EA-C724-9FA0B366326D}.Dist|x64.Build.0 = Dist|x64
		{323CD745-1E9F-66EA-C724-9FA0B366326D}.Release|Win32.ActiveCfg = Release|Win32
		{323CD745-1E9F-66EA-C724-9FA0B366326D}.Release|Win32.Build.0 = Release|Win32
		{323CD745-1E9F-66EA-C724-9FA0B366326D}.Release|x64.ActiveCfg = Release|x64
		{323CD745-1E9F-66EA-C724-9FA0B366326D}.Release|x64.Build.0 = Release|x64
		{5B2429FE-C7E6-5C88-1097-EB147C983566}.Debug|Win32.ActiveCfg = Debug|Win32
		{5B2429FE-C7E6-5C88-1097-EB147C983566}.Debug|Win32.Build.0 = Debug|Win32
		{5B2429FE-C7E6-5C88-1097-EB147C983566}.Debug|x64.ActiveCfg = Debug|x64
		{5B2429FE-C7E6-5C88-1097-EB147C983566}.Debug|x64.Build.0 = Debug|x64
		{5B2429FE-C7E6-5C88-1097-EB147C983566}.Dist|Win32.ActiveCfg = Dist|Win32
		{5B2429FE-C7E6-5C88-1097-EB147C983566}.Dist|Win32.Build.0 = Dist|Win32
		{5B2429FE-C7E6-5C88-1097-EB147C983566}.Dist|x64.ActiveCfg = Dist|x64
		{5B2429FE-C7E6-5C88-1097-EB147C983566}.Dist|x64.Build.0 = Dist|x64
		{5B2429FE-C7E6-5C88-1097-EB147C983566}.Release|Win32.ActiveCfg = Release|Win32
		{5B2429FE-C7E6-5C88-1097-EB147C983566}.Release|Win32.Build.0 = Release|Win32
		{5B2429FE-C7E6-5C88-1097-EB147C983566}.Release|x64.ActiveCfg = Release|x64
		{5B2429FE-C7E6-5C88-1097-EB147C983566}.Release|x64.Build.0 = Release|x64
		{2147D7F9-0DFF-1847-7606-F2A262DDB337}.Debug|Win32.ActiveCfg = Debug|Win32
		{2147D7F9-0DFF-1847-7606-F2A262DDB337}.Debug|Win32.Build.0 = Debug|Win32
		{2147D7F9-0DFF-1847-7606-F2A262DDB337}.Debug|x64.ActiveCfg = Debug|x64
		{2147D7F9-0DFF-1847-7606-F2A262DDB337}.Debug|x64.Build.0 = Debug|x64
		{2147D7F9-0DFF-1847-7606-F2A262DDB337}.Dist|Win32.ActiveCfg = Dist|Win32
		{2147D7F9-0DFF-1847-7606-F2A262DDB337}.Dist|Win32.Build.0 = Dist|Win32
		{2147D7F9-0DFF-1847-7606-F2A262DDB337}.Dist|x64.ActiveCfg = Dist|x64
		{2147D7F9-0DFF-1847-7606-F2A262DDB337}.Dist|x64.Build.0 = Dist|x64
		{2147D7F9-0DFF-1847-7606-F2A262DDB337}.Release|Win32.ActiveCfg = Release|Win32
		{2147D7F9-0DFF-1847-7606-F2A262DDB337}.Release|Win32.Build.0 = Release|Win32
		{2147D7F9-0DFF-1847-7606-F2A262DDB337}.Release|x64.ActiveCfg = Release|x64
		{2147D7F9-0DFF-1847-7606-F2A262DDB337}.Release|x64.Build.0 = Release|x64
		{7E790C33-6A31-4E80-D338-27DCBF0FE970}.Debug|Win32.ActiveCfg = Debug|Win32
		{7E790C33-6A31-4E80-D338-27DCBF0FE970}.Debug|Win32.Build.0 = Debug|Win32
		{7E790C33-6A31-4E80-D338-27DCBF0FE970}.Debug|x64.ActiveCfg = Debug|x64
		{7E790C33-6A31-4E80-D338-27DCBF0FE970}.Debug|x64.Build.0 = Debug|x64
		{7E790C33-6A31-4E80-D338-27DCBF0FE970}.Dist|Win32.ActiveCfg = Dist|Win32
		{7E790C33-6A31-4E80-D338-27DCBF0FE970}.Dist|Win32.Build.0 = Dist|Win32
		{7E790C33-6A31-4E80-D338-27DCBF0FE970}.Dist|x64.ActiveCfg = Dist|x64
		{7E790C33-6A31-4E80-D338-27DCBF0FE970}.Dist|x64.Build.0 = Dist|x64
		{7E790C33-6A31-4E80-D338-27DCBF0FE970}.Release|Win32.ActiveCfg = Release|Win32
		{7E790C33-6A31-4E80-D338-27DCBF0FE970}.Release|Win32.Build.0 = Release|Win32
		{7E790C33-6A31-4E80-D338-27DCBF0FE970}.Release|x64.ActiveCfg = Release|x64
		{7E790C33-6A31-4E80-D338-27DCBF0FE970}.Release|x64.Build.0 = Release|x64
		{9338A6D2-7F31-C524-A863-AAA994BBA430}.Debug|Win32.ActiveCfg = Debug|Win32
		{9338A6D2-7F31-C524-A863-AAA994BBA430}.Debug|Win32.Build.0 = Debug|Win32
		{9338A6D2-7F31-C524-A863-AAA994BBA430}.Debug|x64.ActiveCfg = Debug|x64
		{9338A6D2-7F31-C524-A863-AAA994BBA430}.Debug|x64.Build.0 = Debug|x64
		{9338A6D2-7F31-C524-A863-AAA994BBA430}.Dist|Win32.ActiveCfg = Dist|Win32
		{9338A6D2-7F31-C524-A863-AAA994BBA430}.Dist|Win32.Build.0 = Dist|Win32
		{9338A6D2-7F31-C524-A863-AAA994BBA430}.Dist|x64.ActiveCfg = Dist|x64
		{9338A6D2-7F31-C524-A863-AAA994BBA430}.Dist|x64.Build.0 = Dist|x64
		{9338A6D2-7F31-C524-A863-AAA994BBA430}.Release|Win32.ActiveCfg = Release|Win32
		{9338A6D2-7F31-C524-A863-AAA994BBA430}.Release|Win32.Build.0 = Release|Win32
		{9338A6D2-7F31-C524-A863-AAA994BBA430}.Release|x64.ActiveCfg = Release|x64
		{9338A6D2-7F31-C524-A863-AAA994BBA430}.Release|x64.Build.0 = Release|x64
		{2BF87B05-17DC-3C5B-803C-37AE6C3F27DD}.Debug|Win32.ActiveCfg = Debug|Win32
		{2BF87B05-17DC-3C5B-803C-37AE6C3F27DD}.Debug|Win32.Build.0 = Debug|Win32
		{2BF87B05-17DC-3C5B-803C-37AE6C3F27DD}.Debug|x64.ActiveCfg = Debug|x64
		{2BF87B05-17DC-3C5B-803C-37AE6C3F27DD}.Debug|x64.Build.0 = Debug|x64
		{2BF87B05-17DC-3C5B-803C-37AE6C3F27DD}.Dist|Win32.ActiveCfg = Dist|Win32
		{2BF87B05-17DC-3C5B-803C-37AE6C3F27DD}.Dist|Win32.Build.0 = Dist|Win32
		{2BF87B05-17DC-3C5B-803C-37AE6C3F27DD}.Dist|x64.ActiveCfg = Dist|x64
		{2BF87B05-17DC-3C5B-803C-37AE6C3F27DD}.Dist|x64.Build.0 = Dist|x64
		{2BF87B05-17DC-3C5B-803C-37AE6C3F27DD}.Release|Win32.ActiveCfg = Release|Win32
		{2BF87B05-17DC-3C5B-803C-37AE6C3F27DD}.Release|Win32.Build.0 = Release|Win32
		{2BF87B05-17DC-3C5B-803C-37AE6C3F27DD}.Release|x64.ActiveCfg = Release|x64
		{2BF87B05-17DC-3C5B-803C-37AE6C3F27DD}.Release|x64.Build.0 = Release|x64
		{400E7BF5-2C07-9A47-5539-7FCC41917953}.Debug|Win32.ActiveCfg = Debug|Win32
		{400E7BF5-2C07-9A47-5539-7FCC41917953}.Debug|Win32.Build.0 = Debug|Win32
		{400E7BF5-2C07-9A47-5539-7FCC41917953}.Debug|x64.ActiveCfg = Debug|x64
		{400E7BF5-2C07-9A47-5539-7FCC41917953}.Debug|x64.Build.0 = Debug|x64
		{400E7BF5-2C07-9A47-5539-7FCC41917953}.Dist|Win32.ActiveCfg = Dist|Win32
		{400E7BF5-2C07-9A47-5539-7FCC41917953}.Dist|Win32.Build.0 = Dist|Win32
		{400E7BF5-2C07-9A47-5539-7FCC41917953}.Dist|x64.ActiveCfg = Dist|x64
		{400E7BF5-2C07-9A47-5539-7FCC41917953}.Dist|x64.Build.0 = Dist|x64
		{400E7BF5-2C07-9A47-5539-7FCC41917953}.Release|Win32.ActiveCfg = Release|Win32
		{400E7BF5-2C07-9A47-5539-7FCC41917953}.Release|Win32.Build.0 = Release|Win32
		{400E7BF5-2C07-9A47-5539-7FCC41917953}.Release|x64.ActiveCfg = Release|x64
		{400E7BF5-2C07-9A47-5539-7FCC41917953}.Release|x64.Build.0 = Release|x64
		{9CCD0DB5-0883-86AA-9177-8081FD2B7DAE}.Debug|Win32.ActiveCfg = Debug|Win32
		{9CCD0DB5-0883-86AA-9177-8081FD2B7DAE}.Debug|Win32.Build.0 = Debug|Win32
		{9CCD0DB5-0883-86AA-9177-8081FD2B7DAE}.Debug|x64.ActiveCfg = Debug|x64
		{9CCD0DB5-0883-86AA-9177-8081FD2B7DAE}.Debug|x64.Build.0 = Debug|x64
		{9CCD0DB5-0883-86AA-9177-8081FD2B7DAE}.Dist|Win32.ActiveCfg = Dist|Win32
		{9CCD0DB5-0883-86AA-9177-8081FD2B7DAE}.Dist|Win32.Build.0 = Dist|Win32
		{9CCD0DB5-0883-86AA-9177-8081FD2B7DAE}.Dist|x64.ActiveCfg = Dist|x64
		{9CCD0DB5-0883-86AA-9177-8081FD2B7DAE}.Dist|x64.Build.0 = Dist|x64
		{9CCD0DB5-0883-86AA-9177-8081FD2B7DAE}.Release|Win32.ActiveCfg = Release|Win32
		{9CCD0DB5-0883-86AA-9177-8081FD2B7DAE}.Release|Win32.Build.0 = Release|Win32
		{9CCD0DB5-0883-86AA-9177-8081FD2B7DAE}.Release|x64.ActiveCfg = Release|x64
		{9CCD0DB5-0883-86AA-9177-8081FD2B7DAE}.Release|x64.Build.0 = Release|x64
		{F2E4581A-5E9A-D10F-E78E-CBE65343C813}.Debug|Win32.ActiveCfg = Debug|Win32
		{F2E4581A-5E9A-D10F-E78E-CBE65343C813}.Debug|Win32.Build.0 = Debug|Win32
		{F2E4581A-5E9A-D10F-E78E-CBE65343C813}.Debug|x64.ActiveCfg = Debug|x64
		{F2E4581A-5E9A-D10F-E78E-CBE65343C813}.Debug|x64.Build.0 = Debug|x64
		{F2E4581A-5E9A-D10F-E78E-CBE65343C813}.Dist|Win32.ActiveCfg = Dist|Win32
		{F2E4581A-5E9A-D10F-E78E-CBE65343C813}.Dist|Win32.Build.0 = Dist|Win32
		{F2E4581A-5E9A-D10F-E78E-CBE65343C813}.Dist|x64.ActiveCfg = Dist|x64
		{F2E4581A-5E9A-D10F-E78E-CBE65343C813}.Dist|x64.Build.0 = Dist|x64
		{F2E4581A-5E9A-D10F-E78E-CBE65343C813}.Release|Win32.ActiveCfg = Release|Win32
		{F2E4581A-5E9A-D10F-E78E-CBE65343C813}.Release|Win32.Build.0 = Release|Win32
		{F2E4581A-5E9A-D10F-E78E-CBE65343C813}.Release|x64.ActiveCfg = Release|x64
		{F2E4581A-5E9A-D10F-E78E-CBE65343C813}.Release|x64.Build.0 = Release|x64
	EndGlobalSection
	GlobalSection(SolutionProperties) = preSolution
		HideSolutionNode = FALSE
	EndGlobalSection
EndGlobal
