<?xml version="1.0" encoding="utf-8"?>
<Project ToolsVersion="4.0" xmlns="http://schemas.microsoft.com/developer/msbuild/2003">
  <ItemGroup>
    <ClInclude Include="..\..\SquareBox\SquareBox-Core\config.h" />
    <ClInclude Include="..\..\SquareBox\SquareBox-Core\constants.h" />
    <ClInclude Include="..\..\SquareBox\SquareBox-Core\enums.h" />
    <ClInclude Include="..\..\SquareBox\SquareBox-Core\Essentials.h" />
    <ClInclude Include="..\..\SquareBox\SquareBox-Core\IGameScreen.h" />
    <ClInclude Include="..\..\SquareBox\SquareBox-Core\IMainGame.h" />
    <ClInclude Include="..\..\SquareBox\SquareBox-Core\macros.h" />
    <ClInclude Include="..\..\SquareBox\SquareBox-Core\ScreenList.h" />
    <ClInclude Include="..\..\SquareBox\SquareBox-Core\sqbpch.h" />
    <ClInclude Include="..\..\SquareBox\SquareBox-Core\SquareBoxGameEngine.h" />
    <ClInclude Include="..\..\SquareBox\SquareBox-Core\Utilities.h" />
    <ClInclude Include="..\..\SquareBox\SquareBox-Core\GUIWrapper.h" />
    <ClInclude Include="..\..\SquareBox\SquareBox-Core\Timer.h" />
  </ItemGroup>
  <ItemGroup>
    <ClCompile Include="..\..\SquareBox\SquareBox-Core\IGameScreen.cpp" />
    <ClCompile Include="..\..\SquareBox\SquareBox-Core\IMainGame.cpp" />
    <ClCompile Include="..\..\SquareBox\SquareBox-Core\main.cpp" />
    <ClCompile Include="..\..\SquareBox\SquareBox-Core\ScreenList.cpp" />
    <ClCompile Include="..\..\SquareBox\SquareBox-Core\sqbpch.cpp" />
    <ClCompile Include="..\..\SquareBox\SquareBox-Core\SquareBoxGameEngine.cpp" />
    <ClCompile Include="..\..\SquareBox\SquareBox-Core\Utilities.cpp" />
    <ClCompile Include="..\..\SquareBox\SquareBox-Core\GUIWrapper.cpp" />
  </ItemGroup>
</Project>