<?xml version="1.0" encoding="utf-8"?>
<Project ToolsVersion="4.0" xmlns="http://schemas.microsoft.com/developer/msbuild/2003">
  <ItemGroup>
    <Filter Include="include">
      <UniqueIdentifier>{cee2c560-1d05-48b7-bfa6-70e5b18da8d4}</UniqueIdentifier>
    </Filter>
    <Filter Include="src">
      <UniqueIdentifier>{6bb62eb8-3006-467d-9126-ff24830f3baf}</UniqueIdentifier>
    </Filter>
  </ItemGroup>
  <ItemGroup>
    <ClInclude Include="..\libsdl\SDL2_mixer-2.8.0\include\SDL_mixer.h">
      <Filter>include</Filter>
    </ClInclude>
  </ItemGroup>
  <ItemGroup>
    <ClCompile Include="..\libsdl\SDL2_mixer-2.8.0\src\utils.c">
      <Filter>src</Filter>
    </ClCompile>
    <ClCompile Include="..\libsdl\SDL2_mixer-2.8.0\src\music.c">
      <Filter>src</Filter>
    </ClCompile>
    <ClCompile Include="..\libsdl\SDL2_mixer-2.8.0\src\mixer.c">
      <Filter>src</Filter>
    </ClCompile>
    <ClCompile Include="..\libsdl\SDL2_mixer-2.8.0\src\effects_internal.c">
      <Filter>src</Filter>
    </ClCompile>
    <ClCompile Include="..\libsdl\SDL2_mixer-2.8.0\src\effect_stereoreverse.c">
      <Filter>src</Filter>
    </ClCompile>
    <ClCompile Include="..\libsdl\SDL2_mixer-2.8.0\src\effect_position.c">
      <Filter>src</Filter>
    </ClCompile>
    <ClCompile Include="..\libsdl\SDL2_mixer-2.8.0\src\codecs\music_xmp.c">
      <Filter>src</Filter>
    </ClCompile>
    <ClCompile Include="..\libsdl\SDL2_mixer-2.8.0\src\codecs\music_wavpack.c">
      <Filter>src</Filter>
    </ClCompile>
    <ClCompile Include="..\libsdl\SDL2_mixer-2.8.0\src\codecs\music_wav.c">
      <Filter>src</Filter>
    </ClCompile>
    <ClCompile Include="..\libsdl\SDL2_mixer-2.8.0\src\codecs\music_timidity.c">
      <Filter>src</Filter>
    </ClCompile>
    <ClCompile Include="..\libsdl\SDL2_mixer-2.8.0\src\codecs\music_opus.c">
      <Filter>src</Filter>
    </ClCompile>
    <ClCompile Include="..\libsdl\SDL2_mixer-2.8.0\src\codecs\music_ogg_stb.c">
      <Filter>src</Filter>
    </ClCompile>
    <ClCompile Include="..\libsdl\SDL2_mixer-2.8.0\src\codecs\music_ogg.c">
      <Filter>src</Filter>
    </ClCompile>
    <ClCompile Include="..\libsdl\SDL2_mixer-2.8.0\src\codecs\music_nativemidi.c">
      <Filter>src</Filter>
    </ClCompile>
    <ClCompile Include="..\libsdl\SDL2_mixer-2.8.0\src\codecs\music_mpg123.c">
      <Filter>src</Filter>
    </ClCompile>
    <ClCompile Include="..\libsdl\SDL2_mixer-2.8.0\src\codecs\music_modplug.c">
      <Filter>src</Filter>
    </ClCompile>
    <ClCompile Include="..\libsdl\SDL2_mixer-2.8.0\src\codecs\music_minimp3.c">
      <Filter>src</Filter>
    </ClCompile>
    <ClCompile Include="..\libsdl\SDL2_mixer-2.8.0\src\codecs\music_gme.c">
      <Filter>src</Filter>
    </ClCompile>
    <ClCompile Include="..\libsdl\SDL2_mixer-2.8.0\src\codecs\music_fluidsynth.c">
      <Filter>src</Filter>
    </ClCompile>
    <ClCompile Include="..\libsdl\SDL2_mixer-2.8.0\src\codecs\music_flac.c">
      <Filter>src</Filter>
    </ClCompile>
    <ClCompile Include="..\libsdl\SDL2_mixer-2.8.0\src\codecs\music_drflac.c">
      <Filter>src</Filter>
    </ClCompile>
    <ClCompile Include="..\libsdl\SDL2_mixer-2.8.0\src\codecs\music_cmd.c">
      <Filter>src</Filter>
    </ClCompile>
    <ClCompile Include="..\libsdl\SDL2_mixer-2.8.0\src\codecs\mp3utils.c">
      <Filter>src</Filter>
    </ClCompile>
    <ClCompile Include="..\libsdl\SDL2_mixer-2.8.0\src\codecs\load_voc.c">
      <Filter>src</Filter>
    </ClCompile>
    <ClCompile Include="..\libsdl\SDL2_mixer-2.8.0\src\codecs\load_aiff.c">
      <Filter>src</Filter>
    </ClCompile>
  </ItemGroup>
</Project>