<?xml version="1.0" encoding="utf-8"?>
<Project ToolsVersion="4.0" xmlns="http://schemas.microsoft.com/developer/msbuild/2003">
  <ItemGroup>
    <ClCompile Include="..\..\SquareBox\vendor\include\SDL2_net\SDLnet.c" />
    <ClCompile Include="..\..\SquareBox\vendor\include\SDL2_net\SDLnetselect.c" />
    <ClCompile Include="..\..\SquareBox\vendor\include\SDL2_net\SDLnetTCP.c" />
    <ClCompile Include="..\..\SquareBox\vendor\include\SDL2_net\SDLnetUDP.c" />
  </ItemGroup>
</Project>